{
  "version": 4,
  "terraform_version": "1.5.0",
  "serial": 118,
  "lineage": "a02f4d86-edf3-c6fe-6ae2-37abf09f8d1f",
  "outputs": {
    "ip": {
      "value": [
        "130.61.101.246",
        "141.147.18.209",
        "130.61.100.178",
        "129.159.253.188",
        "130.61.76.118"
      ],
      "type": [
        "tuple",
        [
          "string",
          "string",
          "string",
          "string",
          "string"
        ]
      ]
    }
  },
  "resources": [
    {
      "mode": "data",
      "type": "oci_core_images",
      "name": "images",
      "provider": "provider[\"registry.terraform.io/hashicorp/oci\"]",
      "instances": [
        {
          "index_key": "0",
          "schema_version": 0,
          "attributes": {
            "compartment_id": "ocid1.compartment.oc1..aaaaaaaawdnpqa74qyku5mzjk3httbooikrw67cbutdsohf2ljxkdyjvbala",
            "display_name": null,
            "filter": null,
            "id": "CoreImagesDataSource-2767931054",
            "images": [
              {
                "agent_features": [],
                "base_image_id": "",
                "billable_size_in_gbs": "5",
                "compartment_id": "",
                "create_image_allowed": true,
                "defined_tags": {},
                "display_name": "Oracle-Linux-8.8-2023.12.13-0",
                "freeform_tags": {},
                "id": "ocid1.image.oc1.eu-frankfurt-1.aaaaaaaaqzszsmyx5ue5qnzkzwrps6crl6os473iuf5tmz5z47bfxksnilya",
                "image_source_details": [],
                "instance_id": "",
                "launch_mode": "NATIVE",
                "launch_options": [
                  {
                    "boot_volume_type": "PARAVIRTUALIZED",
                    "firmware": "UEFI_64",
                    "is_consistent_volume_naming_enabled": true,
                    "is_pv_encryption_in_transit_enabled": true,
                    "network_type": "PARAVIRTUALIZED",
                    "remote_data_volume_type": "PARAVIRTUALIZED"
                  }
                ],
                "listing_type": "",
                "operating_system": "Oracle Linux",
                "operating_system_version": "8",
                "size_in_mbs": "47694",
                "state": "AVAILABLE",
                "time_created": "2023-12-15 09:56:32.131 +0000 UTC"
              },
              {
                "agent_features": [],
                "base_image_id": "",
                "billable_size_in_gbs": "5",
                "compartment_id": "",
                "create_image_allowed": true,
                "defined_tags": {},
                "display_name": "Oracle-Linux-8.8-2023.09.26-0",
                "freeform_tags": {},
                "id": "ocid1.image.oc1.eu-frankfurt-1.aaaaaaaa5ww2sv5lpmouczvhp3e3udhrpngoribmotinvw734lti2avkktwa",
                "image_source_details": [],
                "instance_id": "",
                "launch_mode": "NATIVE",
                "launch_options": [
                  {
                    "boot_volume_type": "PARAVIRTUALIZED",
                    "firmware": "UEFI_64",
                    "is_consistent_volume_naming_enabled": true,
                    "is_pv_encryption_in_transit_enabled": true,
                    "network_type": "PARAVIRTUALIZED",
                    "remote_data_volume_type": "PARAVIRTUALIZED"
                  }
                ],
                "listing_type": "",
                "operating_system": "Oracle Linux",
                "operating_system_version": "8",
                "size_in_mbs": "47694",
                "state": "AVAILABLE",
                "time_created": "2023-10-05 00:05:22.669 +0000 UTC"
              },
              {
                "agent_features": [],
                "base_image_id": "",
                "billable_size_in_gbs": "5",
                "compartment_id": "",
                "create_image_allowed": true,
                "defined_tags": {},
                "display_name": "Oracle-Linux-8.8-2023.08.31-0",
                "freeform_tags": {},
                "id": "ocid1.image.oc1.eu-frankfurt-1.aaaaaaaapbmaii43g6f7aewzhubzhdrq5tl3xspw7wzwfgjn5zb7mbzoge4a",
                "image_source_details": [],
                "instance_id": "",
                "launch_mode": "NATIVE",
                "launch_options": [
                  {
                    "boot_volume_type": "PARAVIRTUALIZED",
                    "firmware": "UEFI_64",
                    "is_consistent_volume_naming_enabled": true,
                    "is_pv_encryption_in_transit_enabled": true,
                    "network_type": "PARAVIRTUALIZED",
                    "remote_data_volume_type": "PARAVIRTUALIZED"
                  }
                ],
                "listing_type": "",
                "operating_system": "Oracle Linux",
                "operating_system_version": "8",
                "size_in_mbs": "47694",
                "state": "AVAILABLE",
                "time_created": "2023-09-07 09:26:00.555 +0000 UTC"
              },
              {
                "agent_features": [],
                "base_image_id": "ocid1.image.oc1.eu-frankfurt-1.aaaaaaaak24qgvvmoik2kkwi3utaohkg2yqa3wy52jx6xi6esjgegdxzslgq",
                "billable_size_in_gbs": "8",
                "compartment_id": "ocid1.compartment.oc1..aaaaaaaawdnpqa74qyku5mzjk3httbooikrw67cbutdsohf2ljxkdyjvbala",
                "create_image_allowed": true,
                "defined_tags": {
                  "Oracle-Tags.CreatedBy": "default/enrico.pesce@oracle.com",
                  "Oracle-Tags.CreatedOn": "2023-07-27T14:58:39.778Z",
                  "Schedule.AnyDay": "0,0,0,0,0,0,0,*,*,*,*,*,*,*,*,*,*,*,*,0,0,0,0,0"
                },
                "display_name": "phornonix",
                "freeform_tags": {},
                "id": "ocid1.image.oc1.eu-frankfurt-1.aaaaaaaa4ibsls74ywk4qetxtkamslu2o7ntvqrdvk2aafpcvsnslzrb54ia",
                "image_source_details": [],
                "instance_id": "",
                "launch_mode": "PARAVIRTUALIZED",
                "launch_options": [
                  {
                    "boot_volume_type": "ISCSI",
                    "firmware": "UEFI_64",
                    "is_consistent_volume_naming_enabled": true,
                    "is_pv_encryption_in_transit_enabled": false,
                    "network_type": "PARAVIRTUALIZED",
                    "remote_data_volume_type": "ISCSI"
                  }
                ],
                "listing_type": "",
                "operating_system": "Oracle Linux",
                "operating_system_version": "8",
                "size_in_mbs": "47694",
                "state": "AVAILABLE",
                "time_created": "2023-07-27 14:58:40.057 +0000 UTC"
              }
            ],
            "operating_system": "Oracle Linux",
            "operating_system_version": "8",
            "shape": "VM.Standard.E5.Flex",
            "sort_by": null,
            "sort_order": null,
            "state": null
          },
          "sensitive_attributes": []
        },
        {
          "index_key": "1",
          "schema_version": 0,
          "attributes": {
            "compartment_id": "ocid1.compartment.oc1..aaaaaaaawdnpqa74qyku5mzjk3httbooikrw67cbutdsohf2ljxkdyjvbala",
            "display_name": null,
            "filter": null,
            "id": "CoreImagesDataSource-42749210",
            "images": [
              {
                "agent_features": [],
                "base_image_id": "",
                "billable_size_in_gbs": "5",
                "compartment_id": "",
                "create_image_allowed": true,
                "defined_tags": {},
                "display_name": "Oracle-Linux-8.8-2023.12.13-0",
                "freeform_tags": {},
                "id": "ocid1.image.oc1.eu-frankfurt-1.aaaaaaaaqzszsmyx5ue5qnzkzwrps6crl6os473iuf5tmz5z47bfxksnilya",
                "image_source_details": [],
                "instance_id": "",
                "launch_mode": "NATIVE",
                "launch_options": [
                  {
                    "boot_volume_type": "PARAVIRTUALIZED",
                    "firmware": "UEFI_64",
                    "is_consistent_volume_naming_enabled": true,
                    "is_pv_encryption_in_transit_enabled": true,
                    "network_type": "PARAVIRTUALIZED",
                    "remote_data_volume_type": "PARAVIRTUALIZED"
                  }
                ],
                "listing_type": "",
                "operating_system": "Oracle Linux",
                "operating_system_version": "8",
                "size_in_mbs": "47694",
                "state": "AVAILABLE",
                "time_created": "2023-12-15 09:56:32.131 +0000 UTC"
              },
              {
                "agent_features": [],
                "base_image_id": "",
                "billable_size_in_gbs": "5",
                "compartment_id": "",
                "create_image_allowed": true,
                "defined_tags": {},
                "display_name": "Oracle-Linux-8.8-2023.09.26-0",
                "freeform_tags": {},
                "id": "ocid1.image.oc1.eu-frankfurt-1.aaaaaaaa5ww2sv5lpmouczvhp3e3udhrpngoribmotinvw734lti2avkktwa",
                "image_source_details": [],
                "instance_id": "",
                "launch_mode": "NATIVE",
                "launch_options": [
                  {
                    "boot_volume_type": "PARAVIRTUALIZED",
                    "firmware": "UEFI_64",
                    "is_consistent_volume_naming_enabled": true,
                    "is_pv_encryption_in_transit_enabled": true,
                    "network_type": "PARAVIRTUALIZED",
                    "remote_data_volume_type": "PARAVIRTUALIZED"
                  }
                ],
                "listing_type": "",
                "operating_system": "Oracle Linux",
                "operating_system_version": "8",
                "size_in_mbs": "47694",
                "state": "AVAILABLE",
                "time_created": "2023-10-05 00:05:22.669 +0000 UTC"
              },
              {
                "agent_features": [],
                "base_image_id": "",
                "billable_size_in_gbs": "5",
                "compartment_id": "",
                "create_image_allowed": true,
                "defined_tags": {},
                "display_name": "Oracle-Linux-8.8-2023.08.31-0",
                "freeform_tags": {},
                "id": "ocid1.image.oc1.eu-frankfurt-1.aaaaaaaapbmaii43g6f7aewzhubzhdrq5tl3xspw7wzwfgjn5zb7mbzoge4a",
                "image_source_details": [],
                "instance_id": "",
                "launch_mode": "NATIVE",
                "launch_options": [
                  {
                    "boot_volume_type": "PARAVIRTUALIZED",
                    "firmware": "UEFI_64",
                    "is_consistent_volume_naming_enabled": true,
                    "is_pv_encryption_in_transit_enabled": true,
                    "network_type": "PARAVIRTUALIZED",
                    "remote_data_volume_type": "PARAVIRTUALIZED"
                  }
                ],
                "listing_type": "",
                "operating_system": "Oracle Linux",
                "operating_system_version": "8",
                "size_in_mbs": "47694",
                "state": "AVAILABLE",
                "time_created": "2023-09-07 09:26:00.555 +0000 UTC"
              },
              {
                "agent_features": [],
                "base_image_id": "ocid1.image.oc1.eu-frankfurt-1.aaaaaaaak24qgvvmoik2kkwi3utaohkg2yqa3wy52jx6xi6esjgegdxzslgq",
                "billable_size_in_gbs": "8",
                "compartment_id": "ocid1.compartment.oc1..aaaaaaaawdnpqa74qyku5mzjk3httbooikrw67cbutdsohf2ljxkdyjvbala",
                "create_image_allowed": true,
                "defined_tags": {
                  "Oracle-Tags.CreatedBy": "default/enrico.pesce@oracle.com",
                  "Oracle-Tags.CreatedOn": "2023-07-27T14:58:39.778Z",
                  "Schedule.AnyDay": "0,0,0,0,0,0,0,*,*,*,*,*,*,*,*,*,*,*,*,0,0,0,0,0"
                },
                "display_name": "phornonix",
                "freeform_tags": {},
                "id": "ocid1.image.oc1.eu-frankfurt-1.aaaaaaaa4ibsls74ywk4qetxtkamslu2o7ntvqrdvk2aafpcvsnslzrb54ia",
                "image_source_details": [],
                "instance_id": "",
                "launch_mode": "PARAVIRTUALIZED",
                "launch_options": [
                  {
                    "boot_volume_type": "ISCSI",
                    "firmware": "UEFI_64",
                    "is_consistent_volume_naming_enabled": true,
                    "is_pv_encryption_in_transit_enabled": false,
                    "network_type": "PARAVIRTUALIZED",
                    "remote_data_volume_type": "ISCSI"
                  }
                ],
                "listing_type": "",
                "operating_system": "Oracle Linux",
                "operating_system_version": "8",
                "size_in_mbs": "47694",
                "state": "AVAILABLE",
                "time_created": "2023-07-27 14:58:40.057 +0000 UTC"
              },
              {
                "agent_features": [],
                "base_image_id": "ocid1.image.oc1.eu-frankfurt-1.aaaaaaaafwehlicskge4njhoquufqfpsvqgmbsp2ewsbzbxjoxv377woko2a",
                "billable_size_in_gbs": "21",
                "compartment_id": "ocid1.compartment.oc1..aaaaaaaawdnpqa74qyku5mzjk3httbooikrw67cbutdsohf2ljxkdyjvbala",
                "create_image_allowed": true,
                "defined_tags": {
                  "Oracle-Tags.CreatedBy": "default/enrico.pesce@oracle.com",
                  "Oracle-Tags.CreatedOn": "2023-08-31T10:06:59.127Z",
                  "Schedule.AnyDay": "0,0,0,0,0,0,0,*,*,*,*,*,*,*,*,*,*,*,*,0,0,0,0,0"
                },
                "display_name": "dev",
                "freeform_tags": {},
                "id": "ocid1.image.oc1.eu-frankfurt-1.aaaaaaaacudrlvrjtxkgbgxvfrw6hn5q63hddnveuqkyl2ofdn7a7mpnyg3a",
                "image_source_details": [],
                "instance_id": "",
                "launch_mode": "PARAVIRTUALIZED",
                "launch_options": [
                  {
                    "boot_volume_type": "PARAVIRTUALIZED",
                    "firmware": "UEFI_64",
                    "is_consistent_volume_naming_enabled": true,
                    "is_pv_encryption_in_transit_enabled": true,
                    "network_type": "PARAVIRTUALIZED",
                    "remote_data_volume_type": "PARAVIRTUALIZED"
                  }
                ],
                "listing_type": "",
                "operating_system": "Oracle Linux",
                "operating_system_version": "8",
                "size_in_mbs": "204800",
                "state": "AVAILABLE",
                "time_created": "2023-08-31 10:06:59.36 +0000 UTC"
              }
            ],
            "operating_system": "Oracle Linux",
            "operating_system_version": "8",
            "shape": "VM.Standard.E4.Flex",
            "sort_by": null,
            "sort_order": null,
            "state": null
          },
          "sensitive_attributes": []
        },
        {
          "index_key": "2",
          "schema_version": 0,
          "attributes": {
            "compartment_id": "ocid1.compartment.oc1..aaaaaaaawdnpqa74qyku5mzjk3httbooikrw67cbutdsohf2ljxkdyjvbala",
            "display_name": null,
            "filter": null,
            "id": "CoreImagesDataSource-268194716",
            "images": [
              {
                "agent_features": [],
                "base_image_id": "",
                "billable_size_in_gbs": "5",
                "compartment_id": "",
                "create_image_allowed": true,
                "defined_tags": {},
                "display_name": "Oracle-Linux-8.8-2023.12.13-0",
                "freeform_tags": {},
                "id": "ocid1.image.oc1.eu-frankfurt-1.aaaaaaaaqzszsmyx5ue5qnzkzwrps6crl6os473iuf5tmz5z47bfxksnilya",
                "image_source_details": [],
                "instance_id": "",
                "launch_mode": "NATIVE",
                "launch_options": [
                  {
                    "boot_volume_type": "PARAVIRTUALIZED",
                    "firmware": "UEFI_64",
                    "is_consistent_volume_naming_enabled": true,
                    "is_pv_encryption_in_transit_enabled": true,
                    "network_type": "PARAVIRTUALIZED",
                    "remote_data_volume_type": "PARAVIRTUALIZED"
                  }
                ],
                "listing_type": "",
                "operating_system": "Oracle Linux",
                "operating_system_version": "8",
                "size_in_mbs": "47694",
                "state": "AVAILABLE",
                "time_created": "2023-12-15 09:56:32.131 +0000 UTC"
              },
              {
                "agent_features": [],
                "base_image_id": "",
                "billable_size_in_gbs": "5",
                "compartment_id": "",
                "create_image_allowed": true,
                "defined_tags": {},
                "display_name": "Oracle-Linux-8.8-2023.09.26-0",
                "freeform_tags": {},
                "id": "ocid1.image.oc1.eu-frankfurt-1.aaaaaaaa5ww2sv5lpmouczvhp3e3udhrpngoribmotinvw734lti2avkktwa",
                "image_source_details": [],
                "instance_id": "",
                "launch_mode": "NATIVE",
                "launch_options": [
                  {
                    "boot_volume_type": "PARAVIRTUALIZED",
                    "firmware": "UEFI_64",
                    "is_consistent_volume_naming_enabled": true,
                    "is_pv_encryption_in_transit_enabled": true,
                    "network_type": "PARAVIRTUALIZED",
                    "remote_data_volume_type": "PARAVIRTUALIZED"
                  }
                ],
                "listing_type": "",
                "operating_system": "Oracle Linux",
                "operating_system_version": "8",
                "size_in_mbs": "47694",
                "state": "AVAILABLE",
                "time_created": "2023-10-05 00:05:22.669 +0000 UTC"
              },
              {
                "agent_features": [],
                "base_image_id": "",
                "billable_size_in_gbs": "5",
                "compartment_id": "",
                "create_image_allowed": true,
                "defined_tags": {},
                "display_name": "Oracle-Linux-8.8-2023.08.31-0",
                "freeform_tags": {},
                "id": "ocid1.image.oc1.eu-frankfurt-1.aaaaaaaapbmaii43g6f7aewzhubzhdrq5tl3xspw7wzwfgjn5zb7mbzoge4a",
                "image_source_details": [],
                "instance_id": "",
                "launch_mode": "NATIVE",
                "launch_options": [
                  {
                    "boot_volume_type": "PARAVIRTUALIZED",
                    "firmware": "UEFI_64",
                    "is_consistent_volume_naming_enabled": true,
                    "is_pv_encryption_in_transit_enabled": true,
                    "network_type": "PARAVIRTUALIZED",
                    "remote_data_volume_type": "PARAVIRTUALIZED"
                  }
                ],
                "listing_type": "",
                "operating_system": "Oracle Linux",
                "operating_system_version": "8",
                "size_in_mbs": "47694",
                "state": "AVAILABLE",
                "time_created": "2023-09-07 09:26:00.555 +0000 UTC"
              },
              {
                "agent_features": [],
                "base_image_id": "ocid1.image.oc1.eu-frankfurt-1.aaaaaaaak24qgvvmoik2kkwi3utaohkg2yqa3wy52jx6xi6esjgegdxzslgq",
                "billable_size_in_gbs": "8",
                "compartment_id": "ocid1.compartment.oc1..aaaaaaaawdnpqa74qyku5mzjk3httbooikrw67cbutdsohf2ljxkdyjvbala",
                "create_image_allowed": true,
                "defined_tags": {
                  "Oracle-Tags.CreatedBy": "default/enrico.pesce@oracle.com",
                  "Oracle-Tags.CreatedOn": "2023-07-27T14:58:39.778Z",
                  "Schedule.AnyDay": "0,0,0,0,0,0,0,*,*,*,*,*,*,*,*,*,*,*,*,0,0,0,0,0"
                },
                "display_name": "phornonix",
                "freeform_tags": {},
                "id": "ocid1.image.oc1.eu-frankfurt-1.aaaaaaaa4ibsls74ywk4qetxtkamslu2o7ntvqrdvk2aafpcvsnslzrb54ia",
                "image_source_details": [],
                "instance_id": "",
                "launch_mode": "PARAVIRTUALIZED",
                "launch_options": [
                  {
                    "boot_volume_type": "ISCSI",
                    "firmware": "UEFI_64",
                    "is_consistent_volume_naming_enabled": true,
                    "is_pv_encryption_in_transit_enabled": false,
                    "network_type": "PARAVIRTUALIZED",
                    "remote_data_volume_type": "ISCSI"
                  }
                ],
                "listing_type": "",
                "operating_system": "Oracle Linux",
                "operating_system_version": "8",
                "size_in_mbs": "47694",
                "state": "AVAILABLE",
                "time_created": "2023-07-27 14:58:40.057 +0000 UTC"
              },
              {
                "agent_features": [],
                "base_image_id": "ocid1.image.oc1.eu-frankfurt-1.aaaaaaaafwehlicskge4njhoquufqfpsvqgmbsp2ewsbzbxjoxv377woko2a",
                "billable_size_in_gbs": "21",
                "compartment_id": "ocid1.compartment.oc1..aaaaaaaawdnpqa74qyku5mzjk3httbooikrw67cbutdsohf2ljxkdyjvbala",
                "create_image_allowed": true,
                "defined_tags": {
                  "Oracle-Tags.CreatedBy": "default/enrico.pesce@oracle.com",
                  "Oracle-Tags.CreatedOn": "2023-08-31T10:06:59.127Z",
                  "Schedule.AnyDay": "0,0,0,0,0,0,0,*,*,*,*,*,*,*,*,*,*,*,*,0,0,0,0,0"
                },
                "display_name": "dev",
                "freeform_tags": {},
                "id": "ocid1.image.oc1.eu-frankfurt-1.aaaaaaaacudrlvrjtxkgbgxvfrw6hn5q63hddnveuqkyl2ofdn7a7mpnyg3a",
                "image_source_details": [],
                "instance_id": "",
                "launch_mode": "PARAVIRTUALIZED",
                "launch_options": [
                  {
                    "boot_volume_type": "PARAVIRTUALIZED",
                    "firmware": "UEFI_64",
                    "is_consistent_volume_naming_enabled": true,
                    "is_pv_encryption_in_transit_enabled": true,
                    "network_type": "PARAVIRTUALIZED",
                    "remote_data_volume_type": "PARAVIRTUALIZED"
                  }
                ],
                "listing_type": "",
                "operating_system": "Oracle Linux",
                "operating_system_version": "8",
                "size_in_mbs": "204800",
                "state": "AVAILABLE",
                "time_created": "2023-08-31 10:06:59.36 +0000 UTC"
              }
            ],
            "operating_system": "Oracle Linux",
            "operating_system_version": "8",
            "shape": "VM.Standard3.Flex",
            "sort_by": null,
            "sort_order": null,
            "state": null
          },
          "sensitive_attributes": []
        },
        {
          "index_key": "3",
          "schema_version": 0,
          "attributes": {
            "compartment_id": "ocid1.compartment.oc1..aaaaaaaawdnpqa74qyku5mzjk3httbooikrw67cbutdsohf2ljxkdyjvbala",
            "display_name": null,
            "filter": null,
            "id": "CoreImagesDataSource-2175838256",
            "images": [
              {
                "agent_features": [],
                "base_image_id": "",
                "billable_size_in_gbs": "5",
                "compartment_id": "",
                "create_image_allowed": true,
                "defined_tags": {},
                "display_name": "Oracle-Linux-8.8-2023.12.13-0",
                "freeform_tags": {},
                "id": "ocid1.image.oc1.eu-frankfurt-1.aaaaaaaaqzszsmyx5ue5qnzkzwrps6crl6os473iuf5tmz5z47bfxksnilya",
                "image_source_details": [],
                "instance_id": "",
                "launch_mode": "NATIVE",
                "launch_options": [
                  {
                    "boot_volume_type": "PARAVIRTUALIZED",
                    "firmware": "UEFI_64",
                    "is_consistent_volume_naming_enabled": true,
                    "is_pv_encryption_in_transit_enabled": true,
                    "network_type": "PARAVIRTUALIZED",
                    "remote_data_volume_type": "PARAVIRTUALIZED"
                  }
                ],
                "listing_type": "",
                "operating_system": "Oracle Linux",
                "operating_system_version": "8",
                "size_in_mbs": "47694",
                "state": "AVAILABLE",
                "time_created": "2023-12-15 09:56:32.131 +0000 UTC"
              },
              {
                "agent_features": [],
                "base_image_id": "",
                "billable_size_in_gbs": "5",
                "compartment_id": "",
                "create_image_allowed": true,
                "defined_tags": {},
                "display_name": "Oracle-Linux-8.8-2023.09.26-0",
                "freeform_tags": {},
                "id": "ocid1.image.oc1.eu-frankfurt-1.aaaaaaaa5ww2sv5lpmouczvhp3e3udhrpngoribmotinvw734lti2avkktwa",
                "image_source_details": [],
                "instance_id": "",
                "launch_mode": "NATIVE",
                "launch_options": [
                  {
                    "boot_volume_type": "PARAVIRTUALIZED",
                    "firmware": "UEFI_64",
                    "is_consistent_volume_naming_enabled": true,
                    "is_pv_encryption_in_transit_enabled": true,
                    "network_type": "PARAVIRTUALIZED",
                    "remote_data_volume_type": "PARAVIRTUALIZED"
                  }
                ],
                "listing_type": "",
                "operating_system": "Oracle Linux",
                "operating_system_version": "8",
                "size_in_mbs": "47694",
                "state": "AVAILABLE",
                "time_created": "2023-10-05 00:05:22.669 +0000 UTC"
              },
              {
                "agent_features": [],
                "base_image_id": "",
                "billable_size_in_gbs": "5",
                "compartment_id": "",
                "create_image_allowed": true,
                "defined_tags": {},
                "display_name": "Oracle-Linux-8.8-2023.08.31-0",
                "freeform_tags": {},
                "id": "ocid1.image.oc1.eu-frankfurt-1.aaaaaaaapbmaii43g6f7aewzhubzhdrq5tl3xspw7wzwfgjn5zb7mbzoge4a",
                "image_source_details": [],
                "instance_id": "",
                "launch_mode": "NATIVE",
                "launch_options": [
                  {
                    "boot_volume_type": "PARAVIRTUALIZED",
                    "firmware": "UEFI_64",
                    "is_consistent_volume_naming_enabled": true,
                    "is_pv_encryption_in_transit_enabled": true,
                    "network_type": "PARAVIRTUALIZED",
                    "remote_data_volume_type": "PARAVIRTUALIZED"
                  }
                ],
                "listing_type": "",
                "operating_system": "Oracle Linux",
                "operating_system_version": "8",
                "size_in_mbs": "47694",
                "state": "AVAILABLE",
                "time_created": "2023-09-07 09:26:00.555 +0000 UTC"
              },
              {
                "agent_features": [],
                "base_image_id": "ocid1.image.oc1.eu-frankfurt-1.aaaaaaaak24qgvvmoik2kkwi3utaohkg2yqa3wy52jx6xi6esjgegdxzslgq",
                "billable_size_in_gbs": "8",
                "compartment_id": "ocid1.compartment.oc1..aaaaaaaawdnpqa74qyku5mzjk3httbooikrw67cbutdsohf2ljxkdyjvbala",
                "create_image_allowed": true,
                "defined_tags": {
                  "Oracle-Tags.CreatedBy": "default/enrico.pesce@oracle.com",
                  "Oracle-Tags.CreatedOn": "2023-07-27T14:58:39.778Z",
                  "Schedule.AnyDay": "0,0,0,0,0,0,0,*,*,*,*,*,*,*,*,*,*,*,*,0,0,0,0,0"
                },
                "display_name": "phornonix",
                "freeform_tags": {},
                "id": "ocid1.image.oc1.eu-frankfurt-1.aaaaaaaa4ibsls74ywk4qetxtkamslu2o7ntvqrdvk2aafpcvsnslzrb54ia",
                "image_source_details": [],
                "instance_id": "",
                "launch_mode": "PARAVIRTUALIZED",
                "launch_options": [
                  {
                    "boot_volume_type": "ISCSI",
                    "firmware": "UEFI_64",
                    "is_consistent_volume_naming_enabled": true,
                    "is_pv_encryption_in_transit_enabled": false,
                    "network_type": "PARAVIRTUALIZED",
                    "remote_data_volume_type": "ISCSI"
                  }
                ],
                "listing_type": "",
                "operating_system": "Oracle Linux",
                "operating_system_version": "8",
                "size_in_mbs": "47694",
                "state": "AVAILABLE",
                "time_created": "2023-07-27 14:58:40.057 +0000 UTC"
              },
              {
                "agent_features": [],
                "base_image_id": "ocid1.image.oc1.eu-frankfurt-1.aaaaaaaafwehlicskge4njhoquufqfpsvqgmbsp2ewsbzbxjoxv377woko2a",
                "billable_size_in_gbs": "21",
                "compartment_id": "ocid1.compartment.oc1..aaaaaaaawdnpqa74qyku5mzjk3httbooikrw67cbutdsohf2ljxkdyjvbala",
                "create_image_allowed": true,
                "defined_tags": {
                  "Oracle-Tags.CreatedBy": "default/enrico.pesce@oracle.com",
                  "Oracle-Tags.CreatedOn": "2023-08-31T10:06:59.127Z",
                  "Schedule.AnyDay": "0,0,0,0,0,0,0,*,*,*,*,*,*,*,*,*,*,*,*,0,0,0,0,0"
                },
                "display_name": "dev",
                "freeform_tags": {},
                "id": "ocid1.image.oc1.eu-frankfurt-1.aaaaaaaacudrlvrjtxkgbgxvfrw6hn5q63hddnveuqkyl2ofdn7a7mpnyg3a",
                "image_source_details": [],
                "instance_id": "",
                "launch_mode": "PARAVIRTUALIZED",
                "launch_options": [
                  {
                    "boot_volume_type": "PARAVIRTUALIZED",
                    "firmware": "UEFI_64",
                    "is_consistent_volume_naming_enabled": true,
                    "is_pv_encryption_in_transit_enabled": true,
                    "network_type": "PARAVIRTUALIZED",
                    "remote_data_volume_type": "PARAVIRTUALIZED"
                  }
                ],
                "listing_type": "",
                "operating_system": "Oracle Linux",
                "operating_system_version": "8",
                "size_in_mbs": "204800",
                "state": "AVAILABLE",
                "time_created": "2023-08-31 10:06:59.36 +0000 UTC"
              }
            ],
            "operating_system": "Oracle Linux",
            "operating_system_version": "8",
            "shape": "VM.Optimized3.Flex",
            "sort_by": null,
            "sort_order": null,
            "state": null
          },
          "sensitive_attributes": []
        },
        {
          "index_key": "4",
          "schema_version": 0,
          "attributes": {
            "compartment_id": "ocid1.compartment.oc1..aaaaaaaawdnpqa74qyku5mzjk3httbooikrw67cbutdsohf2ljxkdyjvbala",
            "display_name": null,
            "filter": null,
            "id": "CoreImagesDataSource-3573443655",
            "images": [
              {
                "agent_features": [],
                "base_image_id": "",
                "billable_size_in_gbs": "5",
                "compartment_id": "",
                "create_image_allowed": true,
                "defined_tags": {},
                "display_name": "Oracle-Linux-8.8-aarch64-2023.12.13-0",
                "freeform_tags": {},
                "id": "ocid1.image.oc1.eu-frankfurt-1.aaaaaaaamjtt3zi7n432k6ry44rs7nhxfwrrpf63ahfvgzcrd5tgnwuljyfq",
                "image_source_details": [],
                "instance_id": "",
                "launch_mode": "NATIVE",
                "launch_options": [
                  {
                    "boot_volume_type": "PARAVIRTUALIZED",
                    "firmware": "UEFI_64",
                    "is_consistent_volume_naming_enabled": true,
                    "is_pv_encryption_in_transit_enabled": true,
                    "network_type": "PARAVIRTUALIZED",
                    "remote_data_volume_type": "PARAVIRTUALIZED"
                  }
                ],
                "listing_type": "",
                "operating_system": "Oracle Linux",
                "operating_system_version": "8",
                "size_in_mbs": "47694",
                "state": "AVAILABLE",
                "time_created": "2023-12-15 09:56:37.02 +0000 UTC"
              },
              {
                "agent_features": [],
                "base_image_id": "",
                "billable_size_in_gbs": "5",
                "compartment_id": "",
                "create_image_allowed": true,
                "defined_tags": {},
                "display_name": "Oracle-Linux-8.8-aarch64-2023.10.24-0",
                "freeform_tags": {},
                "id": "ocid1.image.oc1.eu-frankfurt-1.aaaaaaaah4ztechann5uysuliuwjxas7obc3lhmx3bmeec4uq4pmsm5dwowq",
                "image_source_details": [],
                "instance_id": "",
                "launch_mode": "NATIVE",
                "launch_options": [
                  {
                    "boot_volume_type": "PARAVIRTUALIZED",
                    "firmware": "UEFI_64",
                    "is_consistent_volume_naming_enabled": true,
                    "is_pv_encryption_in_transit_enabled": true,
                    "network_type": "PARAVIRTUALIZED",
                    "remote_data_volume_type": "PARAVIRTUALIZED"
                  }
                ],
                "listing_type": "",
                "operating_system": "Oracle Linux",
                "operating_system_version": "8",
                "size_in_mbs": "47694",
                "state": "AVAILABLE",
                "time_created": "2023-11-20 06:12:08.51 +0000 UTC"
              },
              {
                "agent_features": [],
                "base_image_id": "",
                "billable_size_in_gbs": "5",
                "compartment_id": "",
                "create_image_allowed": true,
                "defined_tags": {},
                "display_name": "Oracle-Linux-8.8-aarch64-2023.09.26-0",
                "freeform_tags": {},
                "id": "ocid1.image.oc1.eu-frankfurt-1.aaaaaaaaofxt4vezjhycqgd25z6gpkri6jqfkuwomesnqgozksopzrvfbv4q",
                "image_source_details": [],
                "instance_id": "",
                "launch_mode": "NATIVE",
                "launch_options": [
                  {
                    "boot_volume_type": "PARAVIRTUALIZED",
                    "firmware": "UEFI_64",
                    "is_consistent_volume_naming_enabled": true,
                    "is_pv_encryption_in_transit_enabled": true,
                    "network_type": "PARAVIRTUALIZED",
                    "remote_data_volume_type": "PARAVIRTUALIZED"
                  }
                ],
                "listing_type": "",
                "operating_system": "Oracle Linux",
                "operating_system_version": "8",
                "size_in_mbs": "47694",
                "state": "AVAILABLE",
                "time_created": "2023-10-05 00:05:24.666 +0000 UTC"
              }
            ],
            "operating_system": "Oracle Linux",
            "operating_system_version": "8",
            "shape": "VM.Standard.A1.Flex",
            "sort_by": null,
            "sort_order": null,
            "state": null
          },
          "sensitive_attributes": []
        }
      ]
    },
    {
      "mode": "data",
      "type": "oci_identity_availability_domains",
      "name": "ads",
      "provider": "provider[\"registry.terraform.io/hashicorp/oci\"]",
      "instances": [
        {
          "schema_version": 0,
          "attributes": {
            "availability_domains": [
              {
                "compartment_id": "ocid1.compartment.oc1..aaaaaaaawdnpqa74qyku5mzjk3httbooikrw67cbutdsohf2ljxkdyjvbala",
                "id": "ocid1.availabilitydomain.oc1..aaaaaaaaiifj24st3w4j7cowuo3pmqcuqwjapjv435vtjmgh5j7q3flguwna",
                "name": "LYLQ:EU-FRANKFURT-1-AD-1"
              },
              {
                "compartment_id": "ocid1.compartment.oc1..aaaaaaaawdnpqa74qyku5mzjk3httbooikrw67cbutdsohf2ljxkdyjvbala",
                "id": "ocid1.availabilitydomain.oc1..aaaaaaaalcdcbl7u6akbmkojxhrozpj2v7yavqqydkj3ytyjbt47lnoqnm2q",
                "name": "LYLQ:EU-FRANKFURT-1-AD-2"
              },
              {
                "compartment_id": "ocid1.compartment.oc1..aaaaaaaawdnpqa74qyku5mzjk3httbooikrw67cbutdsohf2ljxkdyjvbala",
                "id": "ocid1.availabilitydomain.oc1..aaaaaaaaa2artt5wizbqvwl3rgptylx2l7jqbnyv4dygcfvlrd3dphvi3mdq",
                "name": "LYLQ:EU-FRANKFURT-1-AD-3"
              }
            ],
            "compartment_id": "ocid1.compartment.oc1..aaaaaaaawdnpqa74qyku5mzjk3httbooikrw67cbutdsohf2ljxkdyjvbala",
            "filter": null,
            "id": "IdentityAvailabilityDomainsDataSource-491842960"
          },
          "sensitive_attributes": []
        }
      ]
    },
    {
      "mode": "managed",
      "type": "oci_core_default_route_table",
      "name": "default_route_table",
      "provider": "provider[\"registry.terraform.io/hashicorp/oci\"]",
      "instances": [
        {
          "schema_version": 0,
          "attributes": {
            "compartment_id": "ocid1.compartment.oc1..aaaaaaaawdnpqa74qyku5mzjk3httbooikrw67cbutdsohf2ljxkdyjvbala",
            "defined_tags": {
              "Oracle-Tags.CreatedBy": "default/enrico.pesce@oracle.com",
              "Oracle-Tags.CreatedOn": "2023-12-21T11:41:43.110Z",
              "Schedule.AnyDay": "0,0,0,0,0,0,0,*,*,*,*,*,*,*,*,*,*,*,*,0,0,0,0,0"
            },
            "display_name": "Default Route Table for vcn-performancetests",
            "freeform_tags": {},
            "id": "ocid1.routetable.oc1.eu-frankfurt-1.aaaaaaaagdk2apll4nlzn2qinxt35qyerv2weikq2yhixrtv64j7qtkeopka",
            "manage_default_resource_id": "ocid1.routetable.oc1.eu-frankfurt-1.aaaaaaaagdk2apll4nlzn2qinxt35qyerv2weikq2yhixrtv64j7qtkeopka",
            "route_rules": [
              {
                "cidr_block": "",
                "description": "",
                "destination": "0.0.0.0/0",
                "destination_type": "CIDR_BLOCK",
                "network_entity_id": "ocid1.internetgateway.oc1.eu-frankfurt-1.aaaaaaaanomiemjss6vtr3t26dcjulx2a4rqednne6psa3um7hanfh4ocuhq",
                "route_type": ""
              }
            ],
            "state": "AVAILABLE",
            "time_created": "2023-12-21 11:41:43.174 +0000 UTC",
            "timeouts": null
          },
          "sensitive_attributes": [],
          "private": "eyJlMmJmYjczMC1lY2FhLTExZTYtOGY4OC0zNDM2M2JjN2M0YzAiOnsiY3JlYXRlIjoxMjAwMDAwMDAwMDAwLCJkZWxldGUiOjEyMDAwMDAwMDAwMDAsInVwZGF0ZSI6MTIwMDAwMDAwMDAwMH19",
          "dependencies": [
            "oci_core_internet_gateway.internet_gateway",
            "oci_core_vcn.test_vcn"
          ]
        }
      ]
    },
    {
      "mode": "managed",
      "type": "oci_core_instance",
      "name": "instance",
      "provider": "provider[\"registry.terraform.io/hashicorp/oci\"]",
      "instances": [
        {
          "index_key": "0",
          "schema_version": 0,
          "attributes": {
            "agent_config": [
              {
                "are_all_plugins_disabled": false,
                "is_management_disabled": true,
                "is_monitoring_disabled": true,
                "plugins_config": []
              }
            ],
            "async": null,
            "availability_config": [
              {
                "is_live_migration_preferred": false,
                "recovery_action": "RESTORE_INSTANCE"
              }
            ],
            "availability_domain": "LYLQ:EU-FRANKFURT-1-AD-1",
            "boot_volume_id": "ocid1.bootvolume.oc1.eu-frankfurt-1.abtheljrsorr2zrfi36fvml5h47mrr3gmc4zah4osyf7e3h54m63oil5rzaq",
            "capacity_reservation_id": null,
            "compartment_id": "ocid1.compartment.oc1..aaaaaaaawdnpqa74qyku5mzjk3httbooikrw67cbutdsohf2ljxkdyjvbala",
            "compute_cluster_id": null,
            "create_vnic_details": [
              {
                "assign_private_dns_record": false,
                "assign_public_ip": "true",
                "defined_tags": {
                  "Oracle-Tags.CreatedBy": "default/enrico.pesce@oracle.com",
                  "Oracle-Tags.CreatedOn": "2023-12-21T11:41:45.273Z",
                  "Schedule.AnyDay": "0,0,0,0,0,0,0,*,*,*,*,*,*,*,*,*,*,*,*,0,0,0,0,0"
                },
                "display_name": "node0",
                "freeform_tags": {},
                "hostname_label": "",
                "nsg_ids": null,
                "private_ip": "10.0.100.54",
                "skip_source_dest_check": false,
                "subnet_id": "ocid1.subnet.oc1.eu-frankfurt-1.aaaaaaaako5rt3t4b2px3prmy7jtqtoulrnlfo52ovqx4nbon7kivndpfpmq",
                "vlan_id": ""
              }
            ],
            "dedicated_vm_host_id": null,
            "defined_tags": {
              "Oracle-Tags.CreatedBy": "default/enrico.pesce@oracle.com",
              "Oracle-Tags.CreatedOn": "2023-12-21T11:41:45.138Z",
              "Schedule.AnyDay": "0,0,0,0,0,0,0,*,*,*,*,*,*,*,*,*,*,*,*,0,0,0,0,0"
            },
            "display_name": "node0",
            "extended_metadata": null,
            "fault_domain": "FAULT-DOMAIN-3",
            "freeform_tags": {},
            "hostname_label": "",
            "id": "ocid1.instance.oc1.eu-frankfurt-1.antheljrugtyopickwhigkv6c6stzobznxrnw32732ro2ocubt5qepus2cua",
            "image": "ocid1.image.oc1.eu-frankfurt-1.aaaaaaaaqzszsmyx5ue5qnzkzwrps6crl6os473iuf5tmz5z47bfxksnilya",
            "instance_options": [
              {
                "are_legacy_imds_endpoints_disabled": false
              }
            ],
            "ipxe_script": null,
            "is_cross_numa_node": false,
            "is_pv_encryption_in_transit_enabled": null,
            "launch_mode": "PARAVIRTUALIZED",
            "launch_options": [
              {
                "boot_volume_type": "PARAVIRTUALIZED",
                "firmware": "UEFI_64",
                "is_consistent_volume_naming_enabled": true,
                "is_pv_encryption_in_transit_enabled": false,
                "network_type": "PARAVIRTUALIZED",
                "remote_data_volume_type": "PARAVIRTUALIZED"
              }
            ],
            "metadata": {
              "TEST_RESULTS_NAME": "vmstandarde5flex",
              "ssh_authorized_keys": "ssh-rsa AAAAB3NzaC1yc2EAAAADAQABAAABgQDJ+tb3o7P/jK/9/b29L/Bqmk/pdahcj2f0rQ+2H6DZREZ5qQM+LatJwzTwCsGjiP0CLTbsbxYDOlvyLB1wwypaWe+f22cN2XDNezmeR0L2z/vpLfZYsUrW3Wxu7sGRWR63gNwtnwdp6ULm1PRlubLd4+PfBwqYTso3ncHCvZCVEMMM+Hn952TpF6cdcVMT3l7dJ4GD12y8IDQpcatmtqi1x4erD4ptvultIuMwR7M5kzu4HqZznRSbalONqpMOdj7uzIDp8RawI7nhVKHgr2PuTsDZQzTF7UZoqBnWFf4FAYhIkHze+8sTDSwtY1OxqBXu1/3+VkaRBPON72ritQWhMVADwYNUiqEevS1Yozc+A98hamHz/4D11DxpVXfY3tWvWh/npIopGpNe9/Nu5+t2OHmtw34W5/ZYOlMkD/aYGgQRykPDDhaRQK3/nMpsB+wsichLqRJfzNdnwTgiQfNk7pGrtYZX+HNJHnNmydLw+w5NLspdugVP/ic7v6kHf/0= opc@scraper\n",
              "user_data": "IyEgL2Jpbi9iYXNoCmV4cG9ydCBPQ0lfQ0xJX0FVVEg9aW5zdGFuY2VfcHJpbmNpcGFsCmV4cG9ydCBURVNUX1JFU1VMVFNfTkFNRT0kKG9jaS1tZXRhZGF0YSAtLWdldCBURVNUX1JFU1VMVFNfTkFNRSAtLXZhbHVlKQpkZWNsYXJlIC14cAoKIyBzdG9wIGNwdSB0YXNrcwpzeXN0ZW1jdGwgc3RvcCBkbmYtbWFrZWNhY2hlLnRpbWVyCnN5c3RlbWN0bCBzdG9wIGRuZi1zeXN0ZW0tdXBncmFkZS5zZXJ2aWNlCnN5c3RlbWN0bCBzdG9wIGRuZi1zeXN0ZW0tdXBncmFkZS1jbGVhbnVwLnNlcnZpY2UKc3lzdGVtY3RsIHN0b3AgZG5mLW1ha2VjYWNoZS5zZXJ2aWNlCiMgdXBkYXRlIGRlcGVuZGVuY2llcwpkbmYgLXkgaW5zdGFsbCBvcmFjbGVsaW51eC1kZXZlbG9wZXItcmVsZWFzZS1lbDggcHl0aG9uMzYtb2NpLWNsaQoKIyBpbnN0YWxsIGFuZCBjb25maWd1cmUgcGhvcm9uaXgKY2QgL3Jvb3QKd2dldCBodHRwczovL3Bob3Jvbml4LXRlc3Qtc3VpdGUuY29tL3JlbGVhc2VzL3Bob3Jvbml4LXRlc3Qtc3VpdGUtMTAuOC40LnRhci5negp0YXIgeHp2ZiBwaG9yb25peC10ZXN0LXN1aXRlLTEwLjguNC50YXIuZ3oKY2QgcGhvcm9uaXgtdGVzdC1zdWl0ZS8KLi9pbnN0YWxsLXNoCgp0b3VjaCAvZXRjL3Bob3Jvbml4LXRlc3Qtc3VpdGUueG1sCmNobW9kIDY2NiAvZXRjL3Bob3Jvbml4LXRlc3Qtc3VpdGUueG1sCgplY2hvICc8P3htbCB2ZXJzaW9uPSIxLjAiPz4KPCEtLVBob3Jvbml4IFRlc3QgU3VpdGUgdjEwLjguNC0tPgo8UGhvcm9uaXhUZXN0U3VpdGU+CiAgPE9wdGlvbnM+CiAgICA8T3BlbkJlbmNobWFya2luZz4KICAgICAgPEFub255bW91c1VzYWdlUmVwb3J0aW5nPlRSVUU8L0Fub255bW91c1VzYWdlUmVwb3J0aW5nPgogICAgICA8SW5kZXhDYWNoZVRUTD4zPC9JbmRleENhY2hlVFRMPgogICAgICA8QWx3YXlzVXBsb2FkU3lzdGVtTG9ncz5GQUxTRTwvQWx3YXlzVXBsb2FkU3lzdGVtTG9ncz4KICAgICAgPEFsbG93UmVzdWx0VXBsb2Fkc1RvT3BlbkJlbmNobWFya2luZz5UUlVFPC9BbGxvd1Jlc3VsdFVwbG9hZHNUb09wZW5CZW5jaG1hcmtpbmc+CiAgICA8L09wZW5CZW5jaG1hcmtpbmc+CiAgICA8R2VuZXJhbD4KICAgICAgPERlZmF1bHRCcm93c2VyPjwvRGVmYXVsdEJyb3dzZXI+CiAgICAgIDxVc2VQaG9kZXZpQ2FjaGU+VFJVRTwvVXNlUGhvZGV2aUNhY2hlPgogICAgICA8RGVmYXVsdERpc3BsYXlNb2RlPkRFRkFVTFQ8L0RlZmF1bHREaXNwbGF5TW9kZT4KICAgICAgPFBob3JvbWF0aWNTZXJ2ZXJzPjwvUGhvcm9tYXRpY1NlcnZlcnM+CiAgICAgIDxDb2xvcmVkQ29uc29sZT5BVVRPPC9Db2xvcmVkQ29uc29sZT4KICAgIDwvR2VuZXJhbD4KICAgIDxNb2R1bGVzPgogICAgICA8QXV0b0xvYWRNb2R1bGVzPnRvZ2dsZV9zY3JlZW5zYXZlciwgdXBkYXRlX2NoZWNrZXIsIHBlcmZfdGlwcywgb2JfYXV0b19jb21wYXJlLCBsb2FkX2R5bmFtaWNfcmVzdWx0X3ZpZXdlcjwvQXV0b0xvYWRNb2R1bGVzPgogICAgPC9Nb2R1bGVzPgogICAgPEluc3RhbGxhdGlvbj4KICAgICAgPFJlbW92ZURvd25sb2FkRmlsZXM+RkFMU0U8L1JlbW92ZURvd25sb2FkRmlsZXM+CiAgICAgIDxTZWFyY2hNZWRpYUZvckNhY2hlPlRSVUU8L1NlYXJjaE1lZGlhRm9yQ2FjaGU+CiAgICAgIDxTeW1MaW5rRmlsZXNGcm9tQ2FjaGU+RkFMU0U8L1N5bUxpbmtGaWxlc0Zyb21DYWNoZT4KICAgICAgPFByb21wdEZvckRvd25sb2FkTWlycm9yPkZBTFNFPC9Qcm9tcHRGb3JEb3dubG9hZE1pcnJvcj4KICAgICAgPEVudmlyb25tZW50RGlyZWN0b3J5Pn4vLnBob3Jvbml4LXRlc3Qtc3VpdGUvaW5zdGFsbGVkLXRlc3RzLzwvRW52aXJvbm1lbnREaXJlY3Rvcnk+CiAgICAgIDxDYWNoZURpcmVjdG9yeT5+Ly5waG9yb25peC10ZXN0LXN1aXRlL2Rvd25sb2FkLWNhY2hlLzwvQ2FjaGVEaXJlY3Rvcnk+CiAgICA8L0luc3RhbGxhdGlvbj4KICAgIDxUZXN0aW5nPgogICAgICA8U2F2ZVN5c3RlbUxvZ3M+VFJVRTwvU2F2ZVN5c3RlbUxvZ3M+CiAgICAgIDxTYXZlSW5zdGFsbGF0aW9uTG9ncz5UUlVFPC9TYXZlSW5zdGFsbGF0aW9uTG9ncz4KICAgICAgPFNhdmVUZXN0TG9ncz5UUlVFPC9TYXZlVGVzdExvZ3M+CiAgICAgIDxSZW1vdmVUZXN0SW5zdGFsbE9uQ29tcGxldGlvbj48L1JlbW92ZVRlc3RJbnN0YWxsT25Db21wbGV0aW9uPgogICAgICA8UmVzdWx0c0RpcmVjdG9yeT5+Ly5waG9yb25peC10ZXN0LXN1aXRlL3Rlc3QtcmVzdWx0cy88L1Jlc3VsdHNEaXJlY3Rvcnk+CiAgICAgIDxBbHdheXNVcGxvYWRSZXN1bHRzVG9PcGVuQmVuY2htYXJraW5nPkZBTFNFPC9BbHdheXNVcGxvYWRSZXN1bHRzVG9PcGVuQmVuY2htYXJraW5nPgogICAgICA8QXV0b1NvcnRSdW5RdWV1ZT5UUlVFPC9BdXRvU29ydFJ1blF1ZXVlPgogICAgICA8U2hvd1Bvc3RSdW5TdGF0aXN0aWNzPlRSVUU8L1Nob3dQb3N0UnVuU3RhdGlzdGljcz4KICAgIDwvVGVzdGluZz4KICAgIDxUZXN0UmVzdWx0VmFsaWRhdGlvbj4KICAgICAgPER5bmFtaWNSdW5Db3VudD5UUlVFPC9EeW5hbWljUnVuQ291bnQ+CiAgICAgIDxMaW1pdER5bmFtaWNUb1Rlc3RMZW5ndGg+MjA8L0xpbWl0RHluYW1pY1RvVGVzdExlbmd0aD4KICAgICAgPFN0YW5kYXJkRGV2aWF0aW9uVGhyZXNob2xkPjIuNTwvU3RhbmRhcmREZXZpYXRpb25UaHJlc2hvbGQ+CiAgICAgIDxFeHBvcnRSZXN1bHRzVG8+PC9FeHBvcnRSZXN1bHRzVG8+CiAgICAgIDxNaW5pbWFsVGVzdFRpbWU+MTA8L01pbmltYWxUZXN0VGltZT4KICAgICAgPERyb3BOb2lzeVJlc3VsdHM+RkFMU0U8L0Ryb3BOb2lzeVJlc3VsdHM+CiAgICA8L1Rlc3RSZXN1bHRWYWxpZGF0aW9uPgogICAgPFJlc3VsdFZpZXdlcj4KICAgICAgPFdlYlBvcnQ+UkFORE9NPC9XZWJQb3J0PgogICAgICA8TGltaXRBY2Nlc3NUb0xvY2FsSG9zdD5UUlVFPC9MaW1pdEFjY2Vzc1RvTG9jYWxIb3N0PgogICAgICA8QWNjZXNzS2V5PjwvQWNjZXNzS2V5PgogICAgICA8QWxsb3dTYXZpbmdSZXN1bHRDaGFuZ2VzPlRSVUU8L0FsbG93U2F2aW5nUmVzdWx0Q2hhbmdlcz4KICAgICAgPEFsbG93RGVsZXRpbmdSZXN1bHRzPlRSVUU8L0FsbG93RGVsZXRpbmdSZXN1bHRzPgogICAgPC9SZXN1bHRWaWV3ZXI+CiAgICA8QmF0Y2hNb2RlPgogICAgICA8U2F2ZVJlc3VsdHM+VFJVRTwvU2F2ZVJlc3VsdHM+CiAgICAgIDxPcGVuQnJvd3Nlcj5GQUxTRTwvT3BlbkJyb3dzZXI+CiAgICAgIDxVcGxvYWRSZXN1bHRzPkZBTFNFPC9VcGxvYWRSZXN1bHRzPgogICAgICA8UHJvbXB0Rm9yVGVzdElkZW50aWZpZXI+RkFMU0U8L1Byb21wdEZvclRlc3RJZGVudGlmaWVyPgogICAgICA8UHJvbXB0Rm9yVGVzdERlc2NyaXB0aW9uPkZBTFNFPC9Qcm9tcHRGb3JUZXN0RGVzY3JpcHRpb24+CiAgICAgIDxQcm9tcHRTYXZlTmFtZT5GQUxTRTwvUHJvbXB0U2F2ZU5hbWU+CiAgICAgIDxSdW5BbGxUZXN0Q29tYmluYXRpb25zPlRSVUU8L1J1bkFsbFRlc3RDb21iaW5hdGlvbnM+CiAgICAgIDxDb25maWd1cmVkPlRSVUU8L0NvbmZpZ3VyZWQ+CiAgICA8L0JhdGNoTW9kZT4KICAgIDxOZXR3b3JraW5nPgogICAgICA8Tm9JbnRlcm5ldENvbW11bmljYXRpb24+RkFMU0U8L05vSW50ZXJuZXRDb21tdW5pY2F0aW9uPgogICAgICA8Tm9OZXR3b3JrQ29tbXVuaWNhdGlvbj5GQUxTRTwvTm9OZXR3b3JrQ29tbXVuaWNhdGlvbj4KICAgICAgPFRpbWVvdXQ+MjA8L1RpbWVvdXQ+CiAgICAgIDxQcm94eUFkZHJlc3M+PC9Qcm94eUFkZHJlc3M+CiAgICAgIDxQcm94eVBvcnQ+PC9Qcm94eVBvcnQ+CiAgICAgIDxQcm94eVVzZXI+PC9Qcm94eVVzZXI+CiAgICAgIDxQcm94eVBhc3N3b3JkPjwvUHJveHlQYXNzd29yZD4KICAgIDwvTmV0d29ya2luZz4KICAgIDxTZXJ2ZXI+CiAgICAgIDxSZW1vdGVBY2Nlc3NQb3J0PlJBTkRPTTwvUmVtb3RlQWNjZXNzUG9ydD4KICAgICAgPFBhc3N3b3JkPjwvUGFzc3dvcmQ+CiAgICAgIDxXZWJTb2NrZXRQb3J0PlJBTkRPTTwvV2ViU29ja2V0UG9ydD4KICAgICAgPEFkdmVydGlzZVNlcnZpY2VaZXJvQ29uZj5UUlVFPC9BZHZlcnRpc2VTZXJ2aWNlWmVyb0NvbmY+CiAgICAgIDxBZHZlcnRpc2VTZXJ2aWNlT3BlbkJlbmNobWFya1JlbGF5PlRSVUU8L0FkdmVydGlzZVNlcnZpY2VPcGVuQmVuY2htYXJrUmVsYXk+CiAgICAgIDxQaG9yb21hdGljU3RvcmFnZT5+Ly5waG9yb25peC10ZXN0LXN1aXRlL3Bob3JvbWF0aWMvPC9QaG9yb21hdGljU3RvcmFnZT4KICAgIDwvU2VydmVyPgogIDwvT3B0aW9ucz4KPC9QaG9yb25peFRlc3RTdWl0ZT4nID4gL2V0Yy9waG9yb25peC10ZXN0LXN1aXRlLnhtbAoKIyBleHBvcnQgU0tJUF9FWFRFUk5BTF9ERVBFTkRFTkNJRVM9MQoKCiMgSW5zdGFsbCBQSFAgNy4yCmV4cG9ydCBURVNUX1JFU1VMVFNfSURFTlRJRklFUj0icGhwNzIiCmRuZiBtb2R1bGUgc3dpdGNoLXRvIHBocDo3LjIgLXkKZG5mIGluc3RhbGwgcGhwLWNsaSBwaHAtcGRvIHBocC1mcG0gcGhwLWpzb24gcGhwLW15c3FsbmQgcGhwLWRvbSBwaHAtZ2QgcGhwLXByb2Nlc3MgLXkKcGhvcm9uaXgtdGVzdC1zdWl0ZSBiYXRjaC1iZW5jaG1hcmsgcHRzL3BocApkbmYgcmVtb3ZlICdwaHAqJyAteQoKIyBJbnN0YWxsIFBIUCA3LjMKZXhwb3J0IFRFU1RfUkVTVUxUU19JREVOVElGSUVSPSJwaHA3MyIKZG5mIG1vZHVsZSBzd2l0Y2gtdG8gcGhwOjcuMyAteQpkbmYgaW5zdGFsbCBwaHAtY2xpIHBocC1wZG8gcGhwLWZwbSBwaHAtanNvbiBwaHAtbXlzcWxuZCBwaHAtZG9tIHBocC1nZCBwaHAtcHJvY2VzcyAteQpwaG9yb25peC10ZXN0LXN1aXRlIGJhdGNoLWJlbmNobWFyayBwdHMvcGhwCmRuZiByZW1vdmUgJ3BocConIC15CgojIEluc3RhbGwgUEhQIDcuNApleHBvcnQgVEVTVF9SRVNVTFRTX0lERU5USUZJRVI9InBocDc0IgpkbmYgbW9kdWxlIHN3aXRjaC10byBwaHA6Ny40IC15CmRuZiBpbnN0YWxsIHBocC1jbGkgcGhwLXBkbyBwaHAtZnBtIHBocC1qc29uIHBocC1teXNxbG5kIHBocC1kb20gcGhwLWdkIHBocC1wcm9jZXNzIC15CnBob3Jvbml4LXRlc3Qtc3VpdGUgYmF0Y2gtYmVuY2htYXJrIHB0cy9waHAKZG5mIHJlbW92ZSAncGhwKicgLXkKCiMgSW5zdGFsbCBQSFAgOC4wCmV4cG9ydCBURVNUX1JFU1VMVFNfSURFTlRJRklFUj0icGhwODAiCmRuZiBtb2R1bGUgc3dpdGNoLXRvIHBocDo4LjAgLXkKZG5mIGluc3RhbGwgcGhwLWNsaSBwaHAtcGRvIHBocC1mcG0gcGhwLWpzb24gcGhwLW15c3FsbmQgcGhwLWRvbSBwaHAtZ2QgcGhwLXByb2Nlc3MgLXkKcGhvcm9uaXgtdGVzdC1zdWl0ZSBiYXRjaC1iZW5jaG1hcmsgcHRzL3BocAoKcGhvcm9uaXgtdGVzdC1zdWl0ZSByZXN1bHQtZmlsZS10by1jc3YgJFRFU1RfUkVTVUxUU19OQU1FCgpvY2kgb3Mgb2JqZWN0IHB1dCAtLWZvcmNlIC0tYnVja2V0LW5hbWUgcGhvcm9uaXggLS1maWxlIC9yb290LyRURVNUX1JFU1VMVFNfTkFNRS5jc3YKCm9jaSBjb21wdXRlIGluc3RhbmNlIGFjdGlvbiAtLWluc3RhbmNlLWlkICQob2NpLW1ldGFkYXRhIC0tZ2V0IGlkIC0tdmFsdWUtb25seSkgLS1hY3Rpb24gU09GVFNUT1A="
            },
            "platform_config": [],
            "preemptible_instance_config": [],
            "preserve_boot_volume": false,
            "private_ip": "10.0.100.54",
            "public_ip": "130.61.101.246",
            "region": "eu-frankfurt-1",
            "shape": "VM.Standard.E5.Flex",
            "shape_config": [
              {
                "baseline_ocpu_utilization": "",
                "gpu_description": "",
                "gpus": 0,
                "local_disk_description": "",
                "local_disks": 0,
                "local_disks_total_size_in_gbs": 0,
                "max_vnic_attachments": 2,
                "memory_in_gbs": 16,
                "networking_bandwidth_in_gbps": 1,
                "nvmes": 0,
                "ocpus": 1,
                "processor_description": "2.3 GHz AMD EPYC™ 9J14 (Genoa)"
              }
            ],
            "source_details": [
              {
                "boot_volume_size_in_gbs": "47",
                "boot_volume_vpus_per_gb": "10",
                "kms_key_id": "",
                "source_id": "ocid1.image.oc1.eu-frankfurt-1.aaaaaaaaqzszsmyx5ue5qnzkzwrps6crl6os473iuf5tmz5z47bfxksnilya",
                "source_type": "image"
              }
            ],
            "state": "RUNNING",
            "subnet_id": "ocid1.subnet.oc1.eu-frankfurt-1.aaaaaaaako5rt3t4b2px3prmy7jtqtoulrnlfo52ovqx4nbon7kivndpfpmq",
            "system_tags": {},
            "time_created": "2023-12-21 11:41:45.65 +0000 UTC",
            "time_maintenance_reboot_due": "",
            "timeouts": null,
            "update_operation_constraint": null
          },
          "sensitive_attributes": [],
          "private": "eyJlMmJmYjczMC1lY2FhLTExZTYtOGY4OC0zNDM2M2JjN2M0YzAiOnsiY3JlYXRlIjoyNzAwMDAwMDAwMDAwLCJkZWxldGUiOjQ1MDAwMDAwMDAwMDAsInVwZGF0ZSI6MjcwMDAwMDAwMDAwMH19",
          "dependencies": [
            "data.oci_core_images.images",
            "data.oci_identity_availability_domains.ads",
            "oci_core_subnet.public_subnet",
            "oci_core_vcn.test_vcn"
          ]
        },
        {
          "index_key": "1",
          "schema_version": 0,
          "attributes": {
            "agent_config": [
              {
                "are_all_plugins_disabled": false,
                "is_management_disabled": true,
                "is_monitoring_disabled": true,
                "plugins_config": []
              }
            ],
            "async": null,
            "availability_config": [
              {
                "is_live_migration_preferred": false,
                "recovery_action": "RESTORE_INSTANCE"
              }
            ],
            "availability_domain": "LYLQ:EU-FRANKFURT-1-AD-1",
            "boot_volume_id": "ocid1.bootvolume.oc1.eu-frankfurt-1.abtheljrmx7t4ohuio2g7wxu26ks47osqoqxtb47tjwoo34fpez4t4j34htq",
            "capacity_reservation_id": null,
            "compartment_id": "ocid1.compartment.oc1..aaaaaaaawdnpqa74qyku5mzjk3httbooikrw67cbutdsohf2ljxkdyjvbala",
            "compute_cluster_id": null,
            "create_vnic_details": [
              {
                "assign_private_dns_record": false,
                "assign_public_ip": "true",
                "defined_tags": {
                  "Oracle-Tags.CreatedBy": "default/enrico.pesce@oracle.com",
                  "Oracle-Tags.CreatedOn": "2023-12-21T11:41:45.266Z",
                  "Schedule.AnyDay": "0,0,0,0,0,0,0,*,*,*,*,*,*,*,*,*,*,*,*,0,0,0,0,0"
                },
                "display_name": "node1",
                "freeform_tags": {},
                "hostname_label": "",
                "nsg_ids": null,
                "private_ip": "10.0.100.115",
                "skip_source_dest_check": false,
                "subnet_id": "ocid1.subnet.oc1.eu-frankfurt-1.aaaaaaaako5rt3t4b2px3prmy7jtqtoulrnlfo52ovqx4nbon7kivndpfpmq",
                "vlan_id": ""
              }
            ],
            "dedicated_vm_host_id": null,
            "defined_tags": {
              "Oracle-Tags.CreatedBy": "default/enrico.pesce@oracle.com",
              "Oracle-Tags.CreatedOn": "2023-12-21T11:41:45.144Z",
              "Schedule.AnyDay": "0,0,0,0,0,0,0,*,*,*,*,*,*,*,*,*,*,*,*,0,0,0,0,0"
            },
            "display_name": "node1",
            "extended_metadata": null,
            "fault_domain": "FAULT-DOMAIN-1",
            "freeform_tags": {},
            "hostname_label": "",
            "id": "ocid1.instance.oc1.eu-frankfurt-1.antheljrugtyopic2ispvsc3rgwfxvsbvc4kptfbqp6s5tjpx5yl5aq4y6qa",
            "image": "ocid1.image.oc1.eu-frankfurt-1.aaaaaaaaqzszsmyx5ue5qnzkzwrps6crl6os473iuf5tmz5z47bfxksnilya",
            "instance_options": [
              {
                "are_legacy_imds_endpoints_disabled": false
              }
            ],
            "ipxe_script": null,
            "is_cross_numa_node": false,
            "is_pv_encryption_in_transit_enabled": null,
            "launch_mode": "PARAVIRTUALIZED",
            "launch_options": [
              {
                "boot_volume_type": "PARAVIRTUALIZED",
                "firmware": "UEFI_64",
                "is_consistent_volume_naming_enabled": true,
                "is_pv_encryption_in_transit_enabled": false,
                "network_type": "PARAVIRTUALIZED",
                "remote_data_volume_type": "PARAVIRTUALIZED"
              }
            ],
            "metadata": {
              "TEST_RESULTS_NAME": "vmstandarde4flex",
              "ssh_authorized_keys": "ssh-rsa AAAAB3NzaC1yc2EAAAADAQABAAABgQDJ+tb3o7P/jK/9/b29L/Bqmk/pdahcj2f0rQ+2H6DZREZ5qQM+LatJwzTwCsGjiP0CLTbsbxYDOlvyLB1wwypaWe+f22cN2XDNezmeR0L2z/vpLfZYsUrW3Wxu7sGRWR63gNwtnwdp6ULm1PRlubLd4+PfBwqYTso3ncHCvZCVEMMM+Hn952TpF6cdcVMT3l7dJ4GD12y8IDQpcatmtqi1x4erD4ptvultIuMwR7M5kzu4HqZznRSbalONqpMOdj7uzIDp8RawI7nhVKHgr2PuTsDZQzTF7UZoqBnWFf4FAYhIkHze+8sTDSwtY1OxqBXu1/3+VkaRBPON72ritQWhMVADwYNUiqEevS1Yozc+A98hamHz/4D11DxpVXfY3tWvWh/npIopGpNe9/Nu5+t2OHmtw34W5/ZYOlMkD/aYGgQRykPDDhaRQK3/nMpsB+wsichLqRJfzNdnwTgiQfNk7pGrtYZX+HNJHnNmydLw+w5NLspdugVP/ic7v6kHf/0= opc@scraper\n",
              "user_data": "IyEgL2Jpbi9iYXNoCmV4cG9ydCBPQ0lfQ0xJX0FVVEg9aW5zdGFuY2VfcHJpbmNpcGFsCmV4cG9ydCBURVNUX1JFU1VMVFNfTkFNRT0kKG9jaS1tZXRhZGF0YSAtLWdldCBURVNUX1JFU1VMVFNfTkFNRSAtLXZhbHVlKQpkZWNsYXJlIC14cAoKIyBzdG9wIGNwdSB0YXNrcwpzeXN0ZW1jdGwgc3RvcCBkbmYtbWFrZWNhY2hlLnRpbWVyCnN5c3RlbWN0bCBzdG9wIGRuZi1zeXN0ZW0tdXBncmFkZS5zZXJ2aWNlCnN5c3RlbWN0bCBzdG9wIGRuZi1zeXN0ZW0tdXBncmFkZS1jbGVhbnVwLnNlcnZpY2UKc3lzdGVtY3RsIHN0b3AgZG5mLW1ha2VjYWNoZS5zZXJ2aWNlCiMgdXBkYXRlIGRlcGVuZGVuY2llcwpkbmYgLXkgaW5zdGFsbCBvcmFjbGVsaW51eC1kZXZlbG9wZXItcmVsZWFzZS1lbDggcHl0aG9uMzYtb2NpLWNsaQoKIyBpbnN0YWxsIGFuZCBjb25maWd1cmUgcGhvcm9uaXgKY2QgL3Jvb3QKd2dldCBodHRwczovL3Bob3Jvbml4LXRlc3Qtc3VpdGUuY29tL3JlbGVhc2VzL3Bob3Jvbml4LXRlc3Qtc3VpdGUtMTAuOC40LnRhci5negp0YXIgeHp2ZiBwaG9yb25peC10ZXN0LXN1aXRlLTEwLjguNC50YXIuZ3oKY2QgcGhvcm9uaXgtdGVzdC1zdWl0ZS8KLi9pbnN0YWxsLXNoCgp0b3VjaCAvZXRjL3Bob3Jvbml4LXRlc3Qtc3VpdGUueG1sCmNobW9kIDY2NiAvZXRjL3Bob3Jvbml4LXRlc3Qtc3VpdGUueG1sCgplY2hvICc8P3htbCB2ZXJzaW9uPSIxLjAiPz4KPCEtLVBob3Jvbml4IFRlc3QgU3VpdGUgdjEwLjguNC0tPgo8UGhvcm9uaXhUZXN0U3VpdGU+CiAgPE9wdGlvbnM+CiAgICA8T3BlbkJlbmNobWFya2luZz4KICAgICAgPEFub255bW91c1VzYWdlUmVwb3J0aW5nPlRSVUU8L0Fub255bW91c1VzYWdlUmVwb3J0aW5nPgogICAgICA8SW5kZXhDYWNoZVRUTD4zPC9JbmRleENhY2hlVFRMPgogICAgICA8QWx3YXlzVXBsb2FkU3lzdGVtTG9ncz5GQUxTRTwvQWx3YXlzVXBsb2FkU3lzdGVtTG9ncz4KICAgICAgPEFsbG93UmVzdWx0VXBsb2Fkc1RvT3BlbkJlbmNobWFya2luZz5UUlVFPC9BbGxvd1Jlc3VsdFVwbG9hZHNUb09wZW5CZW5jaG1hcmtpbmc+CiAgICA8L09wZW5CZW5jaG1hcmtpbmc+CiAgICA8R2VuZXJhbD4KICAgICAgPERlZmF1bHRCcm93c2VyPjwvRGVmYXVsdEJyb3dzZXI+CiAgICAgIDxVc2VQaG9kZXZpQ2FjaGU+VFJVRTwvVXNlUGhvZGV2aUNhY2hlPgogICAgICA8RGVmYXVsdERpc3BsYXlNb2RlPkRFRkFVTFQ8L0RlZmF1bHREaXNwbGF5TW9kZT4KICAgICAgPFBob3JvbWF0aWNTZXJ2ZXJzPjwvUGhvcm9tYXRpY1NlcnZlcnM+CiAgICAgIDxDb2xvcmVkQ29uc29sZT5BVVRPPC9Db2xvcmVkQ29uc29sZT4KICAgIDwvR2VuZXJhbD4KICAgIDxNb2R1bGVzPgogICAgICA8QXV0b0xvYWRNb2R1bGVzPnRvZ2dsZV9zY3JlZW5zYXZlciwgdXBkYXRlX2NoZWNrZXIsIHBlcmZfdGlwcywgb2JfYXV0b19jb21wYXJlLCBsb2FkX2R5bmFtaWNfcmVzdWx0X3ZpZXdlcjwvQXV0b0xvYWRNb2R1bGVzPgogICAgPC9Nb2R1bGVzPgogICAgPEluc3RhbGxhdGlvbj4KICAgICAgPFJlbW92ZURvd25sb2FkRmlsZXM+RkFMU0U8L1JlbW92ZURvd25sb2FkRmlsZXM+CiAgICAgIDxTZWFyY2hNZWRpYUZvckNhY2hlPlRSVUU8L1NlYXJjaE1lZGlhRm9yQ2FjaGU+CiAgICAgIDxTeW1MaW5rRmlsZXNGcm9tQ2FjaGU+RkFMU0U8L1N5bUxpbmtGaWxlc0Zyb21DYWNoZT4KICAgICAgPFByb21wdEZvckRvd25sb2FkTWlycm9yPkZBTFNFPC9Qcm9tcHRGb3JEb3dubG9hZE1pcnJvcj4KICAgICAgPEVudmlyb25tZW50RGlyZWN0b3J5Pn4vLnBob3Jvbml4LXRlc3Qtc3VpdGUvaW5zdGFsbGVkLXRlc3RzLzwvRW52aXJvbm1lbnREaXJlY3Rvcnk+CiAgICAgIDxDYWNoZURpcmVjdG9yeT5+Ly5waG9yb25peC10ZXN0LXN1aXRlL2Rvd25sb2FkLWNhY2hlLzwvQ2FjaGVEaXJlY3Rvcnk+CiAgICA8L0luc3RhbGxhdGlvbj4KICAgIDxUZXN0aW5nPgogICAgICA8U2F2ZVN5c3RlbUxvZ3M+VFJVRTwvU2F2ZVN5c3RlbUxvZ3M+CiAgICAgIDxTYXZlSW5zdGFsbGF0aW9uTG9ncz5UUlVFPC9TYXZlSW5zdGFsbGF0aW9uTG9ncz4KICAgICAgPFNhdmVUZXN0TG9ncz5UUlVFPC9TYXZlVGVzdExvZ3M+CiAgICAgIDxSZW1vdmVUZXN0SW5zdGFsbE9uQ29tcGxldGlvbj48L1JlbW92ZVRlc3RJbnN0YWxsT25Db21wbGV0aW9uPgogICAgICA8UmVzdWx0c0RpcmVjdG9yeT5+Ly5waG9yb25peC10ZXN0LXN1aXRlL3Rlc3QtcmVzdWx0cy88L1Jlc3VsdHNEaXJlY3Rvcnk+CiAgICAgIDxBbHdheXNVcGxvYWRSZXN1bHRzVG9PcGVuQmVuY2htYXJraW5nPkZBTFNFPC9BbHdheXNVcGxvYWRSZXN1bHRzVG9PcGVuQmVuY2htYXJraW5nPgogICAgICA8QXV0b1NvcnRSdW5RdWV1ZT5UUlVFPC9BdXRvU29ydFJ1blF1ZXVlPgogICAgICA8U2hvd1Bvc3RSdW5TdGF0aXN0aWNzPlRSVUU8L1Nob3dQb3N0UnVuU3RhdGlzdGljcz4KICAgIDwvVGVzdGluZz4KICAgIDxUZXN0UmVzdWx0VmFsaWRhdGlvbj4KICAgICAgPER5bmFtaWNSdW5Db3VudD5UUlVFPC9EeW5hbWljUnVuQ291bnQ+CiAgICAgIDxMaW1pdER5bmFtaWNUb1Rlc3RMZW5ndGg+MjA8L0xpbWl0RHluYW1pY1RvVGVzdExlbmd0aD4KICAgICAgPFN0YW5kYXJkRGV2aWF0aW9uVGhyZXNob2xkPjIuNTwvU3RhbmRhcmREZXZpYXRpb25UaHJlc2hvbGQ+CiAgICAgIDxFeHBvcnRSZXN1bHRzVG8+PC9FeHBvcnRSZXN1bHRzVG8+CiAgICAgIDxNaW5pbWFsVGVzdFRpbWU+MTA8L01pbmltYWxUZXN0VGltZT4KICAgICAgPERyb3BOb2lzeVJlc3VsdHM+RkFMU0U8L0Ryb3BOb2lzeVJlc3VsdHM+CiAgICA8L1Rlc3RSZXN1bHRWYWxpZGF0aW9uPgogICAgPFJlc3VsdFZpZXdlcj4KICAgICAgPFdlYlBvcnQ+UkFORE9NPC9XZWJQb3J0PgogICAgICA8TGltaXRBY2Nlc3NUb0xvY2FsSG9zdD5UUlVFPC9MaW1pdEFjY2Vzc1RvTG9jYWxIb3N0PgogICAgICA8QWNjZXNzS2V5PjwvQWNjZXNzS2V5PgogICAgICA8QWxsb3dTYXZpbmdSZXN1bHRDaGFuZ2VzPlRSVUU8L0FsbG93U2F2aW5nUmVzdWx0Q2hhbmdlcz4KICAgICAgPEFsbG93RGVsZXRpbmdSZXN1bHRzPlRSVUU8L0FsbG93RGVsZXRpbmdSZXN1bHRzPgogICAgPC9SZXN1bHRWaWV3ZXI+CiAgICA8QmF0Y2hNb2RlPgogICAgICA8U2F2ZVJlc3VsdHM+VFJVRTwvU2F2ZVJlc3VsdHM+CiAgICAgIDxPcGVuQnJvd3Nlcj5GQUxTRTwvT3BlbkJyb3dzZXI+CiAgICAgIDxVcGxvYWRSZXN1bHRzPkZBTFNFPC9VcGxvYWRSZXN1bHRzPgogICAgICA8UHJvbXB0Rm9yVGVzdElkZW50aWZpZXI+RkFMU0U8L1Byb21wdEZvclRlc3RJZGVudGlmaWVyPgogICAgICA8UHJvbXB0Rm9yVGVzdERlc2NyaXB0aW9uPkZBTFNFPC9Qcm9tcHRGb3JUZXN0RGVzY3JpcHRpb24+CiAgICAgIDxQcm9tcHRTYXZlTmFtZT5GQUxTRTwvUHJvbXB0U2F2ZU5hbWU+CiAgICAgIDxSdW5BbGxUZXN0Q29tYmluYXRpb25zPlRSVUU8L1J1bkFsbFRlc3RDb21iaW5hdGlvbnM+CiAgICAgIDxDb25maWd1cmVkPlRSVUU8L0NvbmZpZ3VyZWQ+CiAgICA8L0JhdGNoTW9kZT4KICAgIDxOZXR3b3JraW5nPgogICAgICA8Tm9JbnRlcm5ldENvbW11bmljYXRpb24+RkFMU0U8L05vSW50ZXJuZXRDb21tdW5pY2F0aW9uPgogICAgICA8Tm9OZXR3b3JrQ29tbXVuaWNhdGlvbj5GQUxTRTwvTm9OZXR3b3JrQ29tbXVuaWNhdGlvbj4KICAgICAgPFRpbWVvdXQ+MjA8L1RpbWVvdXQ+CiAgICAgIDxQcm94eUFkZHJlc3M+PC9Qcm94eUFkZHJlc3M+CiAgICAgIDxQcm94eVBvcnQ+PC9Qcm94eVBvcnQ+CiAgICAgIDxQcm94eVVzZXI+PC9Qcm94eVVzZXI+CiAgICAgIDxQcm94eVBhc3N3b3JkPjwvUHJveHlQYXNzd29yZD4KICAgIDwvTmV0d29ya2luZz4KICAgIDxTZXJ2ZXI+CiAgICAgIDxSZW1vdGVBY2Nlc3NQb3J0PlJBTkRPTTwvUmVtb3RlQWNjZXNzUG9ydD4KICAgICAgPFBhc3N3b3JkPjwvUGFzc3dvcmQ+CiAgICAgIDxXZWJTb2NrZXRQb3J0PlJBTkRPTTwvV2ViU29ja2V0UG9ydD4KICAgICAgPEFkdmVydGlzZVNlcnZpY2VaZXJvQ29uZj5UUlVFPC9BZHZlcnRpc2VTZXJ2aWNlWmVyb0NvbmY+CiAgICAgIDxBZHZlcnRpc2VTZXJ2aWNlT3BlbkJlbmNobWFya1JlbGF5PlRSVUU8L0FkdmVydGlzZVNlcnZpY2VPcGVuQmVuY2htYXJrUmVsYXk+CiAgICAgIDxQaG9yb21hdGljU3RvcmFnZT5+Ly5waG9yb25peC10ZXN0LXN1aXRlL3Bob3JvbWF0aWMvPC9QaG9yb21hdGljU3RvcmFnZT4KICAgIDwvU2VydmVyPgogIDwvT3B0aW9ucz4KPC9QaG9yb25peFRlc3RTdWl0ZT4nID4gL2V0Yy9waG9yb25peC10ZXN0LXN1aXRlLnhtbAoKIyBleHBvcnQgU0tJUF9FWFRFUk5BTF9ERVBFTkRFTkNJRVM9MQoKCiMgSW5zdGFsbCBQSFAgNy4yCmV4cG9ydCBURVNUX1JFU1VMVFNfSURFTlRJRklFUj0icGhwNzIiCmRuZiBtb2R1bGUgc3dpdGNoLXRvIHBocDo3LjIgLXkKZG5mIGluc3RhbGwgcGhwLWNsaSBwaHAtcGRvIHBocC1mcG0gcGhwLWpzb24gcGhwLW15c3FsbmQgcGhwLWRvbSBwaHAtZ2QgcGhwLXByb2Nlc3MgLXkKcGhvcm9uaXgtdGVzdC1zdWl0ZSBiYXRjaC1iZW5jaG1hcmsgcHRzL3BocApkbmYgcmVtb3ZlICdwaHAqJyAteQoKIyBJbnN0YWxsIFBIUCA3LjMKZXhwb3J0IFRFU1RfUkVTVUxUU19JREVOVElGSUVSPSJwaHA3MyIKZG5mIG1vZHVsZSBzd2l0Y2gtdG8gcGhwOjcuMyAteQpkbmYgaW5zdGFsbCBwaHAtY2xpIHBocC1wZG8gcGhwLWZwbSBwaHAtanNvbiBwaHAtbXlzcWxuZCBwaHAtZG9tIHBocC1nZCBwaHAtcHJvY2VzcyAteQpwaG9yb25peC10ZXN0LXN1aXRlIGJhdGNoLWJlbmNobWFyayBwdHMvcGhwCmRuZiByZW1vdmUgJ3BocConIC15CgojIEluc3RhbGwgUEhQIDcuNApleHBvcnQgVEVTVF9SRVNVTFRTX0lERU5USUZJRVI9InBocDc0IgpkbmYgbW9kdWxlIHN3aXRjaC10byBwaHA6Ny40IC15CmRuZiBpbnN0YWxsIHBocC1jbGkgcGhwLXBkbyBwaHAtZnBtIHBocC1qc29uIHBocC1teXNxbG5kIHBocC1kb20gcGhwLWdkIHBocC1wcm9jZXNzIC15CnBob3Jvbml4LXRlc3Qtc3VpdGUgYmF0Y2gtYmVuY2htYXJrIHB0cy9waHAKZG5mIHJlbW92ZSAncGhwKicgLXkKCiMgSW5zdGFsbCBQSFAgOC4wCmV4cG9ydCBURVNUX1JFU1VMVFNfSURFTlRJRklFUj0icGhwODAiCmRuZiBtb2R1bGUgc3dpdGNoLXRvIHBocDo4LjAgLXkKZG5mIGluc3RhbGwgcGhwLWNsaSBwaHAtcGRvIHBocC1mcG0gcGhwLWpzb24gcGhwLW15c3FsbmQgcGhwLWRvbSBwaHAtZ2QgcGhwLXByb2Nlc3MgLXkKcGhvcm9uaXgtdGVzdC1zdWl0ZSBiYXRjaC1iZW5jaG1hcmsgcHRzL3BocAoKcGhvcm9uaXgtdGVzdC1zdWl0ZSByZXN1bHQtZmlsZS10by1jc3YgJFRFU1RfUkVTVUxUU19OQU1FCgpvY2kgb3Mgb2JqZWN0IHB1dCAtLWZvcmNlIC0tYnVja2V0LW5hbWUgcGhvcm9uaXggLS1maWxlIC9yb290LyRURVNUX1JFU1VMVFNfTkFNRS5jc3YKCm9jaSBjb21wdXRlIGluc3RhbmNlIGFjdGlvbiAtLWluc3RhbmNlLWlkICQob2NpLW1ldGFkYXRhIC0tZ2V0IGlkIC0tdmFsdWUtb25seSkgLS1hY3Rpb24gU09GVFNUT1A="
            },
            "platform_config": [],
            "preemptible_instance_config": [],
            "preserve_boot_volume": false,
            "private_ip": "10.0.100.115",
            "public_ip": "141.147.18.209",
            "region": "eu-frankfurt-1",
            "shape": "VM.Standard.E4.Flex",
            "shape_config": [
              {
                "baseline_ocpu_utilization": "",
                "gpu_description": "",
                "gpus": 0,
                "local_disk_description": "",
                "local_disks": 0,
                "local_disks_total_size_in_gbs": 0,
                "max_vnic_attachments": 2,
                "memory_in_gbs": 16,
                "networking_bandwidth_in_gbps": 1,
                "nvmes": 0,
                "ocpus": 1,
                "processor_description": "2.55 GHz AMD EPYC™ 7J13 (Milan)"
              }
            ],
            "source_details": [
              {
                "boot_volume_size_in_gbs": "47",
                "boot_volume_vpus_per_gb": "10",
                "kms_key_id": "",
                "source_id": "ocid1.image.oc1.eu-frankfurt-1.aaaaaaaaqzszsmyx5ue5qnzkzwrps6crl6os473iuf5tmz5z47bfxksnilya",
                "source_type": "image"
              }
            ],
            "state": "RUNNING",
            "subnet_id": "ocid1.subnet.oc1.eu-frankfurt-1.aaaaaaaako5rt3t4b2px3prmy7jtqtoulrnlfo52ovqx4nbon7kivndpfpmq",
            "system_tags": {},
            "time_created": "2023-12-21 11:41:45.571 +0000 UTC",
            "time_maintenance_reboot_due": "",
            "timeouts": null,
            "update_operation_constraint": null
          },
          "sensitive_attributes": [],
          "private": "eyJlMmJmYjczMC1lY2FhLTExZTYtOGY4OC0zNDM2M2JjN2M0YzAiOnsiY3JlYXRlIjoyNzAwMDAwMDAwMDAwLCJkZWxldGUiOjQ1MDAwMDAwMDAwMDAsInVwZGF0ZSI6MjcwMDAwMDAwMDAwMH19",
          "dependencies": [
            "data.oci_core_images.images",
            "data.oci_identity_availability_domains.ads",
            "oci_core_subnet.public_subnet",
            "oci_core_vcn.test_vcn"
          ]
        },
        {
          "index_key": "2",
          "schema_version": 0,
          "attributes": {
            "agent_config": [
              {
                "are_all_plugins_disabled": false,
                "is_management_disabled": true,
                "is_monitoring_disabled": true,
                "plugins_config": []
              }
            ],
            "async": null,
            "availability_config": [
              {
                "is_live_migration_preferred": false,
                "recovery_action": "RESTORE_INSTANCE"
              }
            ],
            "availability_domain": "LYLQ:EU-FRANKFURT-1-AD-1",
            "boot_volume_id": "ocid1.bootvolume.oc1.eu-frankfurt-1.abtheljrtyfjv6bkidhbdy5b4cqhc7jkoa3n6ahchq6zxg5t32k7swcfen5q",
            "capacity_reservation_id": null,
            "compartment_id": "ocid1.compartment.oc1..aaaaaaaawdnpqa74qyku5mzjk3httbooikrw67cbutdsohf2ljxkdyjvbala",
            "compute_cluster_id": null,
            "create_vnic_details": [
              {
                "assign_private_dns_record": false,
                "assign_public_ip": "true",
                "defined_tags": {
                  "Oracle-Tags.CreatedBy": "default/enrico.pesce@oracle.com",
                  "Oracle-Tags.CreatedOn": "2023-12-21T11:41:45.273Z",
                  "Schedule.AnyDay": "0,0,0,0,0,0,0,*,*,*,*,*,*,*,*,*,*,*,*,0,0,0,0,0"
                },
                "display_name": "node2",
                "freeform_tags": {},
                "hostname_label": "",
                "nsg_ids": null,
                "private_ip": "10.0.100.85",
                "skip_source_dest_check": false,
                "subnet_id": "ocid1.subnet.oc1.eu-frankfurt-1.aaaaaaaako5rt3t4b2px3prmy7jtqtoulrnlfo52ovqx4nbon7kivndpfpmq",
                "vlan_id": ""
              }
            ],
            "dedicated_vm_host_id": null,
            "defined_tags": {
              "Oracle-Tags.CreatedBy": "default/enrico.pesce@oracle.com",
              "Oracle-Tags.CreatedOn": "2023-12-21T11:41:45.138Z",
              "Schedule.AnyDay": "0,0,0,0,0,0,0,*,*,*,*,*,*,*,*,*,*,*,*,0,0,0,0,0"
            },
            "display_name": "node2",
            "extended_metadata": null,
            "fault_domain": "FAULT-DOMAIN-2",
            "freeform_tags": {},
            "hostname_label": "",
            "id": "ocid1.instance.oc1.eu-frankfurt-1.antheljrugtyopicmanqtiaozgdt2oosxcz5cdby2hgmbva6ihezssceb4xa",
            "image": "ocid1.image.oc1.eu-frankfurt-1.aaaaaaaaqzszsmyx5ue5qnzkzwrps6crl6os473iuf5tmz5z47bfxksnilya",
            "instance_options": [
              {
                "are_legacy_imds_endpoints_disabled": false
              }
            ],
            "ipxe_script": null,
            "is_cross_numa_node": false,
            "is_pv_encryption_in_transit_enabled": null,
            "launch_mode": "PARAVIRTUALIZED",
            "launch_options": [
              {
                "boot_volume_type": "PARAVIRTUALIZED",
                "firmware": "UEFI_64",
                "is_consistent_volume_naming_enabled": true,
                "is_pv_encryption_in_transit_enabled": false,
                "network_type": "PARAVIRTUALIZED",
                "remote_data_volume_type": "PARAVIRTUALIZED"
              }
            ],
            "metadata": {
              "TEST_RESULTS_NAME": "vmstandard3flex",
              "ssh_authorized_keys": "ssh-rsa AAAAB3NzaC1yc2EAAAADAQABAAABgQDJ+tb3o7P/jK/9/b29L/Bqmk/pdahcj2f0rQ+2H6DZREZ5qQM+LatJwzTwCsGjiP0CLTbsbxYDOlvyLB1wwypaWe+f22cN2XDNezmeR0L2z/vpLfZYsUrW3Wxu7sGRWR63gNwtnwdp6ULm1PRlubLd4+PfBwqYTso3ncHCvZCVEMMM+Hn952TpF6cdcVMT3l7dJ4GD12y8IDQpcatmtqi1x4erD4ptvultIuMwR7M5kzu4HqZznRSbalONqpMOdj7uzIDp8RawI7nhVKHgr2PuTsDZQzTF7UZoqBnWFf4FAYhIkHze+8sTDSwtY1OxqBXu1/3+VkaRBPON72ritQWhMVADwYNUiqEevS1Yozc+A98hamHz/4D11DxpVXfY3tWvWh/npIopGpNe9/Nu5+t2OHmtw34W5/ZYOlMkD/aYGgQRykPDDhaRQK3/nMpsB+wsichLqRJfzNdnwTgiQfNk7pGrtYZX+HNJHnNmydLw+w5NLspdugVP/ic7v6kHf/0= opc@scraper\n",
              "user_data": "IyEgL2Jpbi9iYXNoCmV4cG9ydCBPQ0lfQ0xJX0FVVEg9aW5zdGFuY2VfcHJpbmNpcGFsCmV4cG9ydCBURVNUX1JFU1VMVFNfTkFNRT0kKG9jaS1tZXRhZGF0YSAtLWdldCBURVNUX1JFU1VMVFNfTkFNRSAtLXZhbHVlKQpkZWNsYXJlIC14cAoKIyBzdG9wIGNwdSB0YXNrcwpzeXN0ZW1jdGwgc3RvcCBkbmYtbWFrZWNhY2hlLnRpbWVyCnN5c3RlbWN0bCBzdG9wIGRuZi1zeXN0ZW0tdXBncmFkZS5zZXJ2aWNlCnN5c3RlbWN0bCBzdG9wIGRuZi1zeXN0ZW0tdXBncmFkZS1jbGVhbnVwLnNlcnZpY2UKc3lzdGVtY3RsIHN0b3AgZG5mLW1ha2VjYWNoZS5zZXJ2aWNlCiMgdXBkYXRlIGRlcGVuZGVuY2llcwpkbmYgLXkgaW5zdGFsbCBvcmFjbGVsaW51eC1kZXZlbG9wZXItcmVsZWFzZS1lbDggcHl0aG9uMzYtb2NpLWNsaQoKIyBpbnN0YWxsIGFuZCBjb25maWd1cmUgcGhvcm9uaXgKY2QgL3Jvb3QKd2dldCBodHRwczovL3Bob3Jvbml4LXRlc3Qtc3VpdGUuY29tL3JlbGVhc2VzL3Bob3Jvbml4LXRlc3Qtc3VpdGUtMTAuOC40LnRhci5negp0YXIgeHp2ZiBwaG9yb25peC10ZXN0LXN1aXRlLTEwLjguNC50YXIuZ3oKY2QgcGhvcm9uaXgtdGVzdC1zdWl0ZS8KLi9pbnN0YWxsLXNoCgp0b3VjaCAvZXRjL3Bob3Jvbml4LXRlc3Qtc3VpdGUueG1sCmNobW9kIDY2NiAvZXRjL3Bob3Jvbml4LXRlc3Qtc3VpdGUueG1sCgplY2hvICc8P3htbCB2ZXJzaW9uPSIxLjAiPz4KPCEtLVBob3Jvbml4IFRlc3QgU3VpdGUgdjEwLjguNC0tPgo8UGhvcm9uaXhUZXN0U3VpdGU+CiAgPE9wdGlvbnM+CiAgICA8T3BlbkJlbmNobWFya2luZz4KICAgICAgPEFub255bW91c1VzYWdlUmVwb3J0aW5nPlRSVUU8L0Fub255bW91c1VzYWdlUmVwb3J0aW5nPgogICAgICA8SW5kZXhDYWNoZVRUTD4zPC9JbmRleENhY2hlVFRMPgogICAgICA8QWx3YXlzVXBsb2FkU3lzdGVtTG9ncz5GQUxTRTwvQWx3YXlzVXBsb2FkU3lzdGVtTG9ncz4KICAgICAgPEFsbG93UmVzdWx0VXBsb2Fkc1RvT3BlbkJlbmNobWFya2luZz5UUlVFPC9BbGxvd1Jlc3VsdFVwbG9hZHNUb09wZW5CZW5jaG1hcmtpbmc+CiAgICA8L09wZW5CZW5jaG1hcmtpbmc+CiAgICA8R2VuZXJhbD4KICAgICAgPERlZmF1bHRCcm93c2VyPjwvRGVmYXVsdEJyb3dzZXI+CiAgICAgIDxVc2VQaG9kZXZpQ2FjaGU+VFJVRTwvVXNlUGhvZGV2aUNhY2hlPgogICAgICA8RGVmYXVsdERpc3BsYXlNb2RlPkRFRkFVTFQ8L0RlZmF1bHREaXNwbGF5TW9kZT4KICAgICAgPFBob3JvbWF0aWNTZXJ2ZXJzPjwvUGhvcm9tYXRpY1NlcnZlcnM+CiAgICAgIDxDb2xvcmVkQ29uc29sZT5BVVRPPC9Db2xvcmVkQ29uc29sZT4KICAgIDwvR2VuZXJhbD4KICAgIDxNb2R1bGVzPgogICAgICA8QXV0b0xvYWRNb2R1bGVzPnRvZ2dsZV9zY3JlZW5zYXZlciwgdXBkYXRlX2NoZWNrZXIsIHBlcmZfdGlwcywgb2JfYXV0b19jb21wYXJlLCBsb2FkX2R5bmFtaWNfcmVzdWx0X3ZpZXdlcjwvQXV0b0xvYWRNb2R1bGVzPgogICAgPC9Nb2R1bGVzPgogICAgPEluc3RhbGxhdGlvbj4KICAgICAgPFJlbW92ZURvd25sb2FkRmlsZXM+RkFMU0U8L1JlbW92ZURvd25sb2FkRmlsZXM+CiAgICAgIDxTZWFyY2hNZWRpYUZvckNhY2hlPlRSVUU8L1NlYXJjaE1lZGlhRm9yQ2FjaGU+CiAgICAgIDxTeW1MaW5rRmlsZXNGcm9tQ2FjaGU+RkFMU0U8L1N5bUxpbmtGaWxlc0Zyb21DYWNoZT4KICAgICAgPFByb21wdEZvckRvd25sb2FkTWlycm9yPkZBTFNFPC9Qcm9tcHRGb3JEb3dubG9hZE1pcnJvcj4KICAgICAgPEVudmlyb25tZW50RGlyZWN0b3J5Pn4vLnBob3Jvbml4LXRlc3Qtc3VpdGUvaW5zdGFsbGVkLXRlc3RzLzwvRW52aXJvbm1lbnREaXJlY3Rvcnk+CiAgICAgIDxDYWNoZURpcmVjdG9yeT5+Ly5waG9yb25peC10ZXN0LXN1aXRlL2Rvd25sb2FkLWNhY2hlLzwvQ2FjaGVEaXJlY3Rvcnk+CiAgICA8L0luc3RhbGxhdGlvbj4KICAgIDxUZXN0aW5nPgogICAgICA8U2F2ZVN5c3RlbUxvZ3M+VFJVRTwvU2F2ZVN5c3RlbUxvZ3M+CiAgICAgIDxTYXZlSW5zdGFsbGF0aW9uTG9ncz5UUlVFPC9TYXZlSW5zdGFsbGF0aW9uTG9ncz4KICAgICAgPFNhdmVUZXN0TG9ncz5UUlVFPC9TYXZlVGVzdExvZ3M+CiAgICAgIDxSZW1vdmVUZXN0SW5zdGFsbE9uQ29tcGxldGlvbj48L1JlbW92ZVRlc3RJbnN0YWxsT25Db21wbGV0aW9uPgogICAgICA8UmVzdWx0c0RpcmVjdG9yeT5+Ly5waG9yb25peC10ZXN0LXN1aXRlL3Rlc3QtcmVzdWx0cy88L1Jlc3VsdHNEaXJlY3Rvcnk+CiAgICAgIDxBbHdheXNVcGxvYWRSZXN1bHRzVG9PcGVuQmVuY2htYXJraW5nPkZBTFNFPC9BbHdheXNVcGxvYWRSZXN1bHRzVG9PcGVuQmVuY2htYXJraW5nPgogICAgICA8QXV0b1NvcnRSdW5RdWV1ZT5UUlVFPC9BdXRvU29ydFJ1blF1ZXVlPgogICAgICA8U2hvd1Bvc3RSdW5TdGF0aXN0aWNzPlRSVUU8L1Nob3dQb3N0UnVuU3RhdGlzdGljcz4KICAgIDwvVGVzdGluZz4KICAgIDxUZXN0UmVzdWx0VmFsaWRhdGlvbj4KICAgICAgPER5bmFtaWNSdW5Db3VudD5UUlVFPC9EeW5hbWljUnVuQ291bnQ+CiAgICAgIDxMaW1pdER5bmFtaWNUb1Rlc3RMZW5ndGg+MjA8L0xpbWl0RHluYW1pY1RvVGVzdExlbmd0aD4KICAgICAgPFN0YW5kYXJkRGV2aWF0aW9uVGhyZXNob2xkPjIuNTwvU3RhbmRhcmREZXZpYXRpb25UaHJlc2hvbGQ+CiAgICAgIDxFeHBvcnRSZXN1bHRzVG8+PC9FeHBvcnRSZXN1bHRzVG8+CiAgICAgIDxNaW5pbWFsVGVzdFRpbWU+MTA8L01pbmltYWxUZXN0VGltZT4KICAgICAgPERyb3BOb2lzeVJlc3VsdHM+RkFMU0U8L0Ryb3BOb2lzeVJlc3VsdHM+CiAgICA8L1Rlc3RSZXN1bHRWYWxpZGF0aW9uPgogICAgPFJlc3VsdFZpZXdlcj4KICAgICAgPFdlYlBvcnQ+UkFORE9NPC9XZWJQb3J0PgogICAgICA8TGltaXRBY2Nlc3NUb0xvY2FsSG9zdD5UUlVFPC9MaW1pdEFjY2Vzc1RvTG9jYWxIb3N0PgogICAgICA8QWNjZXNzS2V5PjwvQWNjZXNzS2V5PgogICAgICA8QWxsb3dTYXZpbmdSZXN1bHRDaGFuZ2VzPlRSVUU8L0FsbG93U2F2aW5nUmVzdWx0Q2hhbmdlcz4KICAgICAgPEFsbG93RGVsZXRpbmdSZXN1bHRzPlRSVUU8L0FsbG93RGVsZXRpbmdSZXN1bHRzPgogICAgPC9SZXN1bHRWaWV3ZXI+CiAgICA8QmF0Y2hNb2RlPgogICAgICA8U2F2ZVJlc3VsdHM+VFJVRTwvU2F2ZVJlc3VsdHM+CiAgICAgIDxPcGVuQnJvd3Nlcj5GQUxTRTwvT3BlbkJyb3dzZXI+CiAgICAgIDxVcGxvYWRSZXN1bHRzPkZBTFNFPC9VcGxvYWRSZXN1bHRzPgogICAgICA8UHJvbXB0Rm9yVGVzdElkZW50aWZpZXI+RkFMU0U8L1Byb21wdEZvclRlc3RJZGVudGlmaWVyPgogICAgICA8UHJvbXB0Rm9yVGVzdERlc2NyaXB0aW9uPkZBTFNFPC9Qcm9tcHRGb3JUZXN0RGVzY3JpcHRpb24+CiAgICAgIDxQcm9tcHRTYXZlTmFtZT5GQUxTRTwvUHJvbXB0U2F2ZU5hbWU+CiAgICAgIDxSdW5BbGxUZXN0Q29tYmluYXRpb25zPlRSVUU8L1J1bkFsbFRlc3RDb21iaW5hdGlvbnM+CiAgICAgIDxDb25maWd1cmVkPlRSVUU8L0NvbmZpZ3VyZWQ+CiAgICA8L0JhdGNoTW9kZT4KICAgIDxOZXR3b3JraW5nPgogICAgICA8Tm9JbnRlcm5ldENvbW11bmljYXRpb24+RkFMU0U8L05vSW50ZXJuZXRDb21tdW5pY2F0aW9uPgogICAgICA8Tm9OZXR3b3JrQ29tbXVuaWNhdGlvbj5GQUxTRTwvTm9OZXR3b3JrQ29tbXVuaWNhdGlvbj4KICAgICAgPFRpbWVvdXQ+MjA8L1RpbWVvdXQ+CiAgICAgIDxQcm94eUFkZHJlc3M+PC9Qcm94eUFkZHJlc3M+CiAgICAgIDxQcm94eVBvcnQ+PC9Qcm94eVBvcnQ+CiAgICAgIDxQcm94eVVzZXI+PC9Qcm94eVVzZXI+CiAgICAgIDxQcm94eVBhc3N3b3JkPjwvUHJveHlQYXNzd29yZD4KICAgIDwvTmV0d29ya2luZz4KICAgIDxTZXJ2ZXI+CiAgICAgIDxSZW1vdGVBY2Nlc3NQb3J0PlJBTkRPTTwvUmVtb3RlQWNjZXNzUG9ydD4KICAgICAgPFBhc3N3b3JkPjwvUGFzc3dvcmQ+CiAgICAgIDxXZWJTb2NrZXRQb3J0PlJBTkRPTTwvV2ViU29ja2V0UG9ydD4KICAgICAgPEFkdmVydGlzZVNlcnZpY2VaZXJvQ29uZj5UUlVFPC9BZHZlcnRpc2VTZXJ2aWNlWmVyb0NvbmY+CiAgICAgIDxBZHZlcnRpc2VTZXJ2aWNlT3BlbkJlbmNobWFya1JlbGF5PlRSVUU8L0FkdmVydGlzZVNlcnZpY2VPcGVuQmVuY2htYXJrUmVsYXk+CiAgICAgIDxQaG9yb21hdGljU3RvcmFnZT5+Ly5waG9yb25peC10ZXN0LXN1aXRlL3Bob3JvbWF0aWMvPC9QaG9yb21hdGljU3RvcmFnZT4KICAgIDwvU2VydmVyPgogIDwvT3B0aW9ucz4KPC9QaG9yb25peFRlc3RTdWl0ZT4nID4gL2V0Yy9waG9yb25peC10ZXN0LXN1aXRlLnhtbAoKIyBleHBvcnQgU0tJUF9FWFRFUk5BTF9ERVBFTkRFTkNJRVM9MQoKCiMgSW5zdGFsbCBQSFAgNy4yCmV4cG9ydCBURVNUX1JFU1VMVFNfSURFTlRJRklFUj0icGhwNzIiCmRuZiBtb2R1bGUgc3dpdGNoLXRvIHBocDo3LjIgLXkKZG5mIGluc3RhbGwgcGhwLWNsaSBwaHAtcGRvIHBocC1mcG0gcGhwLWpzb24gcGhwLW15c3FsbmQgcGhwLWRvbSBwaHAtZ2QgcGhwLXByb2Nlc3MgLXkKcGhvcm9uaXgtdGVzdC1zdWl0ZSBiYXRjaC1iZW5jaG1hcmsgcHRzL3BocApkbmYgcmVtb3ZlICdwaHAqJyAteQoKIyBJbnN0YWxsIFBIUCA3LjMKZXhwb3J0IFRFU1RfUkVTVUxUU19JREVOVElGSUVSPSJwaHA3MyIKZG5mIG1vZHVsZSBzd2l0Y2gtdG8gcGhwOjcuMyAteQpkbmYgaW5zdGFsbCBwaHAtY2xpIHBocC1wZG8gcGhwLWZwbSBwaHAtanNvbiBwaHAtbXlzcWxuZCBwaHAtZG9tIHBocC1nZCBwaHAtcHJvY2VzcyAteQpwaG9yb25peC10ZXN0LXN1aXRlIGJhdGNoLWJlbmNobWFyayBwdHMvcGhwCmRuZiByZW1vdmUgJ3BocConIC15CgojIEluc3RhbGwgUEhQIDcuNApleHBvcnQgVEVTVF9SRVNVTFRTX0lERU5USUZJRVI9InBocDc0IgpkbmYgbW9kdWxlIHN3aXRjaC10byBwaHA6Ny40IC15CmRuZiBpbnN0YWxsIHBocC1jbGkgcGhwLXBkbyBwaHAtZnBtIHBocC1qc29uIHBocC1teXNxbG5kIHBocC1kb20gcGhwLWdkIHBocC1wcm9jZXNzIC15CnBob3Jvbml4LXRlc3Qtc3VpdGUgYmF0Y2gtYmVuY2htYXJrIHB0cy9waHAKZG5mIHJlbW92ZSAncGhwKicgLXkKCiMgSW5zdGFsbCBQSFAgOC4wCmV4cG9ydCBURVNUX1JFU1VMVFNfSURFTlRJRklFUj0icGhwODAiCmRuZiBtb2R1bGUgc3dpdGNoLXRvIHBocDo4LjAgLXkKZG5mIGluc3RhbGwgcGhwLWNsaSBwaHAtcGRvIHBocC1mcG0gcGhwLWpzb24gcGhwLW15c3FsbmQgcGhwLWRvbSBwaHAtZ2QgcGhwLXByb2Nlc3MgLXkKcGhvcm9uaXgtdGVzdC1zdWl0ZSBiYXRjaC1iZW5jaG1hcmsgcHRzL3BocAoKcGhvcm9uaXgtdGVzdC1zdWl0ZSByZXN1bHQtZmlsZS10by1jc3YgJFRFU1RfUkVTVUxUU19OQU1FCgpvY2kgb3Mgb2JqZWN0IHB1dCAtLWZvcmNlIC0tYnVja2V0LW5hbWUgcGhvcm9uaXggLS1maWxlIC9yb290LyRURVNUX1JFU1VMVFNfTkFNRS5jc3YKCm9jaSBjb21wdXRlIGluc3RhbmNlIGFjdGlvbiAtLWluc3RhbmNlLWlkICQob2NpLW1ldGFkYXRhIC0tZ2V0IGlkIC0tdmFsdWUtb25seSkgLS1hY3Rpb24gU09GVFNUT1A="
            },
            "platform_config": [],
            "preemptible_instance_config": [],
            "preserve_boot_volume": false,
            "private_ip": "10.0.100.85",
            "public_ip": "130.61.100.178",
            "region": "eu-frankfurt-1",
            "shape": "VM.Standard3.Flex",
            "shape_config": [
              {
                "baseline_ocpu_utilization": "",
                "gpu_description": "",
                "gpus": 0,
                "local_disk_description": "",
                "local_disks": 0,
                "local_disks_total_size_in_gbs": 0,
                "max_vnic_attachments": 2,
                "memory_in_gbs": 16,
                "networking_bandwidth_in_gbps": 1,
                "nvmes": 0,
                "ocpus": 1,
                "processor_description": "2.6 GHz Intel® Xeon® Platinum 8358 (Ice Lake)"
              }
            ],
            "source_details": [
              {
                "boot_volume_size_in_gbs": "47",
                "boot_volume_vpus_per_gb": "10",
                "kms_key_id": "",
                "source_id": "ocid1.image.oc1.eu-frankfurt-1.aaaaaaaaqzszsmyx5ue5qnzkzwrps6crl6os473iuf5tmz5z47bfxksnilya",
                "source_type": "image"
              }
            ],
            "state": "RUNNING",
            "subnet_id": "ocid1.subnet.oc1.eu-frankfurt-1.aaaaaaaako5rt3t4b2px3prmy7jtqtoulrnlfo52ovqx4nbon7kivndpfpmq",
            "system_tags": {},
            "time_created": "2023-12-21 11:41:45.658 +0000 UTC",
            "time_maintenance_reboot_due": "",
            "timeouts": null,
            "update_operation_constraint": null
          },
          "sensitive_attributes": [],
          "private": "eyJlMmJmYjczMC1lY2FhLTExZTYtOGY4OC0zNDM2M2JjN2M0YzAiOnsiY3JlYXRlIjoyNzAwMDAwMDAwMDAwLCJkZWxldGUiOjQ1MDAwMDAwMDAwMDAsInVwZGF0ZSI6MjcwMDAwMDAwMDAwMH19",
          "dependencies": [
            "data.oci_core_images.images",
            "data.oci_identity_availability_domains.ads",
            "oci_core_subnet.public_subnet",
            "oci_core_vcn.test_vcn"
          ]
        },
        {
          "index_key": "3",
          "schema_version": 0,
          "attributes": {
            "agent_config": [
              {
                "are_all_plugins_disabled": false,
                "is_management_disabled": true,
                "is_monitoring_disabled": true,
                "plugins_config": []
              }
            ],
            "async": null,
            "availability_config": [
              {
                "is_live_migration_preferred": false,
                "recovery_action": "RESTORE_INSTANCE"
              }
            ],
            "availability_domain": "LYLQ:EU-FRANKFURT-1-AD-1",
            "boot_volume_id": "ocid1.bootvolume.oc1.eu-frankfurt-1.abtheljrgeptyvm6wdgaunpuulzlln3o7huyq7hsyscsyxs7yrntpfo72kka",
            "capacity_reservation_id": null,
            "compartment_id": "ocid1.compartment.oc1..aaaaaaaawdnpqa74qyku5mzjk3httbooikrw67cbutdsohf2ljxkdyjvbala",
            "compute_cluster_id": null,
            "create_vnic_details": [
              {
                "assign_private_dns_record": false,
                "assign_public_ip": "true",
                "defined_tags": {
                  "Oracle-Tags.CreatedBy": "default/enrico.pesce@oracle.com",
                  "Oracle-Tags.CreatedOn": "2023-12-21T11:41:45.362Z",
                  "Schedule.AnyDay": "0,0,0,0,0,0,0,*,*,*,*,*,*,*,*,*,*,*,*,0,0,0,0,0"
                },
                "display_name": "node3",
                "freeform_tags": {},
                "hostname_label": "",
                "nsg_ids": null,
                "private_ip": "10.0.100.225",
                "skip_source_dest_check": false,
                "subnet_id": "ocid1.subnet.oc1.eu-frankfurt-1.aaaaaaaako5rt3t4b2px3prmy7jtqtoulrnlfo52ovqx4nbon7kivndpfpmq",
                "vlan_id": ""
              }
            ],
            "dedicated_vm_host_id": null,
            "defined_tags": {
              "Oracle-Tags.CreatedBy": "default/enrico.pesce@oracle.com",
              "Oracle-Tags.CreatedOn": "2023-12-21T11:41:45.221Z",
              "Schedule.AnyDay": "0,0,0,0,0,0,0,*,*,*,*,*,*,*,*,*,*,*,*,0,0,0,0,0"
            },
            "display_name": "node3",
            "extended_metadata": null,
            "fault_domain": "FAULT-DOMAIN-1",
            "freeform_tags": {},
            "hostname_label": "",
            "id": "ocid1.instance.oc1.eu-frankfurt-1.antheljrugtyopicfobhwnjcncjeoche3dyqxjc3sg7mthypfrkke7r62nra",
            "image": "ocid1.image.oc1.eu-frankfurt-1.aaaaaaaaqzszsmyx5ue5qnzkzwrps6crl6os473iuf5tmz5z47bfxksnilya",
            "instance_options": [
              {
                "are_legacy_imds_endpoints_disabled": false
              }
            ],
            "ipxe_script": null,
            "is_cross_numa_node": false,
            "is_pv_encryption_in_transit_enabled": null,
            "launch_mode": "PARAVIRTUALIZED",
            "launch_options": [
              {
                "boot_volume_type": "PARAVIRTUALIZED",
                "firmware": "UEFI_64",
                "is_consistent_volume_naming_enabled": true,
                "is_pv_encryption_in_transit_enabled": false,
                "network_type": "PARAVIRTUALIZED",
                "remote_data_volume_type": "PARAVIRTUALIZED"
              }
            ],
            "metadata": {
              "TEST_RESULTS_NAME": "vmoptimized3flex",
              "ssh_authorized_keys": "ssh-rsa AAAAB3NzaC1yc2EAAAADAQABAAABgQDJ+tb3o7P/jK/9/b29L/Bqmk/pdahcj2f0rQ+2H6DZREZ5qQM+LatJwzTwCsGjiP0CLTbsbxYDOlvyLB1wwypaWe+f22cN2XDNezmeR0L2z/vpLfZYsUrW3Wxu7sGRWR63gNwtnwdp6ULm1PRlubLd4+PfBwqYTso3ncHCvZCVEMMM+Hn952TpF6cdcVMT3l7dJ4GD12y8IDQpcatmtqi1x4erD4ptvultIuMwR7M5kzu4HqZznRSbalONqpMOdj7uzIDp8RawI7nhVKHgr2PuTsDZQzTF7UZoqBnWFf4FAYhIkHze+8sTDSwtY1OxqBXu1/3+VkaRBPON72ritQWhMVADwYNUiqEevS1Yozc+A98hamHz/4D11DxpVXfY3tWvWh/npIopGpNe9/Nu5+t2OHmtw34W5/ZYOlMkD/aYGgQRykPDDhaRQK3/nMpsB+wsichLqRJfzNdnwTgiQfNk7pGrtYZX+HNJHnNmydLw+w5NLspdugVP/ic7v6kHf/0= opc@scraper\n",
              "user_data": "IyEgL2Jpbi9iYXNoCmV4cG9ydCBPQ0lfQ0xJX0FVVEg9aW5zdGFuY2VfcHJpbmNpcGFsCmV4cG9ydCBURVNUX1JFU1VMVFNfTkFNRT0kKG9jaS1tZXRhZGF0YSAtLWdldCBURVNUX1JFU1VMVFNfTkFNRSAtLXZhbHVlKQpkZWNsYXJlIC14cAoKIyBzdG9wIGNwdSB0YXNrcwpzeXN0ZW1jdGwgc3RvcCBkbmYtbWFrZWNhY2hlLnRpbWVyCnN5c3RlbWN0bCBzdG9wIGRuZi1zeXN0ZW0tdXBncmFkZS5zZXJ2aWNlCnN5c3RlbWN0bCBzdG9wIGRuZi1zeXN0ZW0tdXBncmFkZS1jbGVhbnVwLnNlcnZpY2UKc3lzdGVtY3RsIHN0b3AgZG5mLW1ha2VjYWNoZS5zZXJ2aWNlCiMgdXBkYXRlIGRlcGVuZGVuY2llcwpkbmYgLXkgaW5zdGFsbCBvcmFjbGVsaW51eC1kZXZlbG9wZXItcmVsZWFzZS1lbDggcHl0aG9uMzYtb2NpLWNsaQoKIyBpbnN0YWxsIGFuZCBjb25maWd1cmUgcGhvcm9uaXgKY2QgL3Jvb3QKd2dldCBodHRwczovL3Bob3Jvbml4LXRlc3Qtc3VpdGUuY29tL3JlbGVhc2VzL3Bob3Jvbml4LXRlc3Qtc3VpdGUtMTAuOC40LnRhci5negp0YXIgeHp2ZiBwaG9yb25peC10ZXN0LXN1aXRlLTEwLjguNC50YXIuZ3oKY2QgcGhvcm9uaXgtdGVzdC1zdWl0ZS8KLi9pbnN0YWxsLXNoCgp0b3VjaCAvZXRjL3Bob3Jvbml4LXRlc3Qtc3VpdGUueG1sCmNobW9kIDY2NiAvZXRjL3Bob3Jvbml4LXRlc3Qtc3VpdGUueG1sCgplY2hvICc8P3htbCB2ZXJzaW9uPSIxLjAiPz4KPCEtLVBob3Jvbml4IFRlc3QgU3VpdGUgdjEwLjguNC0tPgo8UGhvcm9uaXhUZXN0U3VpdGU+CiAgPE9wdGlvbnM+CiAgICA8T3BlbkJlbmNobWFya2luZz4KICAgICAgPEFub255bW91c1VzYWdlUmVwb3J0aW5nPlRSVUU8L0Fub255bW91c1VzYWdlUmVwb3J0aW5nPgogICAgICA8SW5kZXhDYWNoZVRUTD4zPC9JbmRleENhY2hlVFRMPgogICAgICA8QWx3YXlzVXBsb2FkU3lzdGVtTG9ncz5GQUxTRTwvQWx3YXlzVXBsb2FkU3lzdGVtTG9ncz4KICAgICAgPEFsbG93UmVzdWx0VXBsb2Fkc1RvT3BlbkJlbmNobWFya2luZz5UUlVFPC9BbGxvd1Jlc3VsdFVwbG9hZHNUb09wZW5CZW5jaG1hcmtpbmc+CiAgICA8L09wZW5CZW5jaG1hcmtpbmc+CiAgICA8R2VuZXJhbD4KICAgICAgPERlZmF1bHRCcm93c2VyPjwvRGVmYXVsdEJyb3dzZXI+CiAgICAgIDxVc2VQaG9kZXZpQ2FjaGU+VFJVRTwvVXNlUGhvZGV2aUNhY2hlPgogICAgICA8RGVmYXVsdERpc3BsYXlNb2RlPkRFRkFVTFQ8L0RlZmF1bHREaXNwbGF5TW9kZT4KICAgICAgPFBob3JvbWF0aWNTZXJ2ZXJzPjwvUGhvcm9tYXRpY1NlcnZlcnM+CiAgICAgIDxDb2xvcmVkQ29uc29sZT5BVVRPPC9Db2xvcmVkQ29uc29sZT4KICAgIDwvR2VuZXJhbD4KICAgIDxNb2R1bGVzPgogICAgICA8QXV0b0xvYWRNb2R1bGVzPnRvZ2dsZV9zY3JlZW5zYXZlciwgdXBkYXRlX2NoZWNrZXIsIHBlcmZfdGlwcywgb2JfYXV0b19jb21wYXJlLCBsb2FkX2R5bmFtaWNfcmVzdWx0X3ZpZXdlcjwvQXV0b0xvYWRNb2R1bGVzPgogICAgPC9Nb2R1bGVzPgogICAgPEluc3RhbGxhdGlvbj4KICAgICAgPFJlbW92ZURvd25sb2FkRmlsZXM+RkFMU0U8L1JlbW92ZURvd25sb2FkRmlsZXM+CiAgICAgIDxTZWFyY2hNZWRpYUZvckNhY2hlPlRSVUU8L1NlYXJjaE1lZGlhRm9yQ2FjaGU+CiAgICAgIDxTeW1MaW5rRmlsZXNGcm9tQ2FjaGU+RkFMU0U8L1N5bUxpbmtGaWxlc0Zyb21DYWNoZT4KICAgICAgPFByb21wdEZvckRvd25sb2FkTWlycm9yPkZBTFNFPC9Qcm9tcHRGb3JEb3dubG9hZE1pcnJvcj4KICAgICAgPEVudmlyb25tZW50RGlyZWN0b3J5Pn4vLnBob3Jvbml4LXRlc3Qtc3VpdGUvaW5zdGFsbGVkLXRlc3RzLzwvRW52aXJvbm1lbnREaXJlY3Rvcnk+CiAgICAgIDxDYWNoZURpcmVjdG9yeT5+Ly5waG9yb25peC10ZXN0LXN1aXRlL2Rvd25sb2FkLWNhY2hlLzwvQ2FjaGVEaXJlY3Rvcnk+CiAgICA8L0luc3RhbGxhdGlvbj4KICAgIDxUZXN0aW5nPgogICAgICA8U2F2ZVN5c3RlbUxvZ3M+VFJVRTwvU2F2ZVN5c3RlbUxvZ3M+CiAgICAgIDxTYXZlSW5zdGFsbGF0aW9uTG9ncz5UUlVFPC9TYXZlSW5zdGFsbGF0aW9uTG9ncz4KICAgICAgPFNhdmVUZXN0TG9ncz5UUlVFPC9TYXZlVGVzdExvZ3M+CiAgICAgIDxSZW1vdmVUZXN0SW5zdGFsbE9uQ29tcGxldGlvbj48L1JlbW92ZVRlc3RJbnN0YWxsT25Db21wbGV0aW9uPgogICAgICA8UmVzdWx0c0RpcmVjdG9yeT5+Ly5waG9yb25peC10ZXN0LXN1aXRlL3Rlc3QtcmVzdWx0cy88L1Jlc3VsdHNEaXJlY3Rvcnk+CiAgICAgIDxBbHdheXNVcGxvYWRSZXN1bHRzVG9PcGVuQmVuY2htYXJraW5nPkZBTFNFPC9BbHdheXNVcGxvYWRSZXN1bHRzVG9PcGVuQmVuY2htYXJraW5nPgogICAgICA8QXV0b1NvcnRSdW5RdWV1ZT5UUlVFPC9BdXRvU29ydFJ1blF1ZXVlPgogICAgICA8U2hvd1Bvc3RSdW5TdGF0aXN0aWNzPlRSVUU8L1Nob3dQb3N0UnVuU3RhdGlzdGljcz4KICAgIDwvVGVzdGluZz4KICAgIDxUZXN0UmVzdWx0VmFsaWRhdGlvbj4KICAgICAgPER5bmFtaWNSdW5Db3VudD5UUlVFPC9EeW5hbWljUnVuQ291bnQ+CiAgICAgIDxMaW1pdER5bmFtaWNUb1Rlc3RMZW5ndGg+MjA8L0xpbWl0RHluYW1pY1RvVGVzdExlbmd0aD4KICAgICAgPFN0YW5kYXJkRGV2aWF0aW9uVGhyZXNob2xkPjIuNTwvU3RhbmRhcmREZXZpYXRpb25UaHJlc2hvbGQ+CiAgICAgIDxFeHBvcnRSZXN1bHRzVG8+PC9FeHBvcnRSZXN1bHRzVG8+CiAgICAgIDxNaW5pbWFsVGVzdFRpbWU+MTA8L01pbmltYWxUZXN0VGltZT4KICAgICAgPERyb3BOb2lzeVJlc3VsdHM+RkFMU0U8L0Ryb3BOb2lzeVJlc3VsdHM+CiAgICA8L1Rlc3RSZXN1bHRWYWxpZGF0aW9uPgogICAgPFJlc3VsdFZpZXdlcj4KICAgICAgPFdlYlBvcnQ+UkFORE9NPC9XZWJQb3J0PgogICAgICA8TGltaXRBY2Nlc3NUb0xvY2FsSG9zdD5UUlVFPC9MaW1pdEFjY2Vzc1RvTG9jYWxIb3N0PgogICAgICA8QWNjZXNzS2V5PjwvQWNjZXNzS2V5PgogICAgICA8QWxsb3dTYXZpbmdSZXN1bHRDaGFuZ2VzPlRSVUU8L0FsbG93U2F2aW5nUmVzdWx0Q2hhbmdlcz4KICAgICAgPEFsbG93RGVsZXRpbmdSZXN1bHRzPlRSVUU8L0FsbG93RGVsZXRpbmdSZXN1bHRzPgogICAgPC9SZXN1bHRWaWV3ZXI+CiAgICA8QmF0Y2hNb2RlPgogICAgICA8U2F2ZVJlc3VsdHM+VFJVRTwvU2F2ZVJlc3VsdHM+CiAgICAgIDxPcGVuQnJvd3Nlcj5GQUxTRTwvT3BlbkJyb3dzZXI+CiAgICAgIDxVcGxvYWRSZXN1bHRzPkZBTFNFPC9VcGxvYWRSZXN1bHRzPgogICAgICA8UHJvbXB0Rm9yVGVzdElkZW50aWZpZXI+RkFMU0U8L1Byb21wdEZvclRlc3RJZGVudGlmaWVyPgogICAgICA8UHJvbXB0Rm9yVGVzdERlc2NyaXB0aW9uPkZBTFNFPC9Qcm9tcHRGb3JUZXN0RGVzY3JpcHRpb24+CiAgICAgIDxQcm9tcHRTYXZlTmFtZT5GQUxTRTwvUHJvbXB0U2F2ZU5hbWU+CiAgICAgIDxSdW5BbGxUZXN0Q29tYmluYXRpb25zPlRSVUU8L1J1bkFsbFRlc3RDb21iaW5hdGlvbnM+CiAgICAgIDxDb25maWd1cmVkPlRSVUU8L0NvbmZpZ3VyZWQ+CiAgICA8L0JhdGNoTW9kZT4KICAgIDxOZXR3b3JraW5nPgogICAgICA8Tm9JbnRlcm5ldENvbW11bmljYXRpb24+RkFMU0U8L05vSW50ZXJuZXRDb21tdW5pY2F0aW9uPgogICAgICA8Tm9OZXR3b3JrQ29tbXVuaWNhdGlvbj5GQUxTRTwvTm9OZXR3b3JrQ29tbXVuaWNhdGlvbj4KICAgICAgPFRpbWVvdXQ+MjA8L1RpbWVvdXQ+CiAgICAgIDxQcm94eUFkZHJlc3M+PC9Qcm94eUFkZHJlc3M+CiAgICAgIDxQcm94eVBvcnQ+PC9Qcm94eVBvcnQ+CiAgICAgIDxQcm94eVVzZXI+PC9Qcm94eVVzZXI+CiAgICAgIDxQcm94eVBhc3N3b3JkPjwvUHJveHlQYXNzd29yZD4KICAgIDwvTmV0d29ya2luZz4KICAgIDxTZXJ2ZXI+CiAgICAgIDxSZW1vdGVBY2Nlc3NQb3J0PlJBTkRPTTwvUmVtb3RlQWNjZXNzUG9ydD4KICAgICAgPFBhc3N3b3JkPjwvUGFzc3dvcmQ+CiAgICAgIDxXZWJTb2NrZXRQb3J0PlJBTkRPTTwvV2ViU29ja2V0UG9ydD4KICAgICAgPEFkdmVydGlzZVNlcnZpY2VaZXJvQ29uZj5UUlVFPC9BZHZlcnRpc2VTZXJ2aWNlWmVyb0NvbmY+CiAgICAgIDxBZHZlcnRpc2VTZXJ2aWNlT3BlbkJlbmNobWFya1JlbGF5PlRSVUU8L0FkdmVydGlzZVNlcnZpY2VPcGVuQmVuY2htYXJrUmVsYXk+CiAgICAgIDxQaG9yb21hdGljU3RvcmFnZT5+Ly5waG9yb25peC10ZXN0LXN1aXRlL3Bob3JvbWF0aWMvPC9QaG9yb21hdGljU3RvcmFnZT4KICAgIDwvU2VydmVyPgogIDwvT3B0aW9ucz4KPC9QaG9yb25peFRlc3RTdWl0ZT4nID4gL2V0Yy9waG9yb25peC10ZXN0LXN1aXRlLnhtbAoKIyBleHBvcnQgU0tJUF9FWFRFUk5BTF9ERVBFTkRFTkNJRVM9MQoKCiMgSW5zdGFsbCBQSFAgNy4yCmV4cG9ydCBURVNUX1JFU1VMVFNfSURFTlRJRklFUj0icGhwNzIiCmRuZiBtb2R1bGUgc3dpdGNoLXRvIHBocDo3LjIgLXkKZG5mIGluc3RhbGwgcGhwLWNsaSBwaHAtcGRvIHBocC1mcG0gcGhwLWpzb24gcGhwLW15c3FsbmQgcGhwLWRvbSBwaHAtZ2QgcGhwLXByb2Nlc3MgLXkKcGhvcm9uaXgtdGVzdC1zdWl0ZSBiYXRjaC1iZW5jaG1hcmsgcHRzL3BocApkbmYgcmVtb3ZlICdwaHAqJyAteQoKIyBJbnN0YWxsIFBIUCA3LjMKZXhwb3J0IFRFU1RfUkVTVUxUU19JREVOVElGSUVSPSJwaHA3MyIKZG5mIG1vZHVsZSBzd2l0Y2gtdG8gcGhwOjcuMyAteQpkbmYgaW5zdGFsbCBwaHAtY2xpIHBocC1wZG8gcGhwLWZwbSBwaHAtanNvbiBwaHAtbXlzcWxuZCBwaHAtZG9tIHBocC1nZCBwaHAtcHJvY2VzcyAteQpwaG9yb25peC10ZXN0LXN1aXRlIGJhdGNoLWJlbmNobWFyayBwdHMvcGhwCmRuZiByZW1vdmUgJ3BocConIC15CgojIEluc3RhbGwgUEhQIDcuNApleHBvcnQgVEVTVF9SRVNVTFRTX0lERU5USUZJRVI9InBocDc0IgpkbmYgbW9kdWxlIHN3aXRjaC10byBwaHA6Ny40IC15CmRuZiBpbnN0YWxsIHBocC1jbGkgcGhwLXBkbyBwaHAtZnBtIHBocC1qc29uIHBocC1teXNxbG5kIHBocC1kb20gcGhwLWdkIHBocC1wcm9jZXNzIC15CnBob3Jvbml4LXRlc3Qtc3VpdGUgYmF0Y2gtYmVuY2htYXJrIHB0cy9waHAKZG5mIHJlbW92ZSAncGhwKicgLXkKCiMgSW5zdGFsbCBQSFAgOC4wCmV4cG9ydCBURVNUX1JFU1VMVFNfSURFTlRJRklFUj0icGhwODAiCmRuZiBtb2R1bGUgc3dpdGNoLXRvIHBocDo4LjAgLXkKZG5mIGluc3RhbGwgcGhwLWNsaSBwaHAtcGRvIHBocC1mcG0gcGhwLWpzb24gcGhwLW15c3FsbmQgcGhwLWRvbSBwaHAtZ2QgcGhwLXByb2Nlc3MgLXkKcGhvcm9uaXgtdGVzdC1zdWl0ZSBiYXRjaC1iZW5jaG1hcmsgcHRzL3BocAoKcGhvcm9uaXgtdGVzdC1zdWl0ZSByZXN1bHQtZmlsZS10by1jc3YgJFRFU1RfUkVTVUxUU19OQU1FCgpvY2kgb3Mgb2JqZWN0IHB1dCAtLWZvcmNlIC0tYnVja2V0LW5hbWUgcGhvcm9uaXggLS1maWxlIC9yb290LyRURVNUX1JFU1VMVFNfTkFNRS5jc3YKCm9jaSBjb21wdXRlIGluc3RhbmNlIGFjdGlvbiAtLWluc3RhbmNlLWlkICQob2NpLW1ldGFkYXRhIC0tZ2V0IGlkIC0tdmFsdWUtb25seSkgLS1hY3Rpb24gU09GVFNUT1A="
            },
            "platform_config": [],
            "preemptible_instance_config": [],
            "preserve_boot_volume": false,
            "private_ip": "10.0.100.225",
            "public_ip": "129.159.253.188",
            "region": "eu-frankfurt-1",
            "shape": "VM.Optimized3.Flex",
            "shape_config": [
              {
                "baseline_ocpu_utilization": "",
                "gpu_description": "",
                "gpus": 0,
                "local_disk_description": "",
                "local_disks": 0,
                "local_disks_total_size_in_gbs": 0,
                "max_vnic_attachments": 2,
                "memory_in_gbs": 16,
                "networking_bandwidth_in_gbps": 4,
                "nvmes": 0,
                "ocpus": 1,
                "processor_description": "3.0 GHz Intel® Xeon® Gold 6354 (Ice Lake)"
              }
            ],
            "source_details": [
              {
                "boot_volume_size_in_gbs": "47",
                "boot_volume_vpus_per_gb": "10",
                "kms_key_id": "",
                "source_id": "ocid1.image.oc1.eu-frankfurt-1.aaaaaaaaqzszsmyx5ue5qnzkzwrps6crl6os473iuf5tmz5z47bfxksnilya",
                "source_type": "image"
              }
            ],
            "state": "RUNNING",
            "subnet_id": "ocid1.subnet.oc1.eu-frankfurt-1.aaaaaaaako5rt3t4b2px3prmy7jtqtoulrnlfo52ovqx4nbon7kivndpfpmq",
            "system_tags": {},
            "time_created": "2023-12-21 11:41:45.695 +0000 UTC",
            "time_maintenance_reboot_due": "",
            "timeouts": null,
            "update_operation_constraint": null
          },
          "sensitive_attributes": [],
          "private": "eyJlMmJmYjczMC1lY2FhLTExZTYtOGY4OC0zNDM2M2JjN2M0YzAiOnsiY3JlYXRlIjoyNzAwMDAwMDAwMDAwLCJkZWxldGUiOjQ1MDAwMDAwMDAwMDAsInVwZGF0ZSI6MjcwMDAwMDAwMDAwMH19",
          "dependencies": [
            "data.oci_core_images.images",
            "data.oci_identity_availability_domains.ads",
            "oci_core_subnet.public_subnet",
            "oci_core_vcn.test_vcn"
          ]
        },
        {
          "index_key": "4",
          "schema_version": 0,
          "attributes": {
            "agent_config": [
              {
                "are_all_plugins_disabled": false,
                "is_management_disabled": true,
                "is_monitoring_disabled": true,
                "plugins_config": []
              }
            ],
            "async": null,
            "availability_config": [
              {
                "is_live_migration_preferred": false,
                "recovery_action": "RESTORE_INSTANCE"
              }
            ],
            "availability_domain": "LYLQ:EU-FRANKFURT-1-AD-1",
            "boot_volume_id": "ocid1.bootvolume.oc1.eu-frankfurt-1.abtheljrfvqrxgh6wprkrzsztr5hozrv2q7zofdbfuqdudwlajdvdhitm5aa",
            "capacity_reservation_id": null,
            "compartment_id": "ocid1.compartment.oc1..aaaaaaaawdnpqa74qyku5mzjk3httbooikrw67cbutdsohf2ljxkdyjvbala",
            "compute_cluster_id": null,
            "create_vnic_details": [
              {
                "assign_private_dns_record": false,
                "assign_public_ip": "true",
                "defined_tags": {
                  "Oracle-Tags.CreatedBy": "default/enrico.pesce@oracle.com",
                  "Oracle-Tags.CreatedOn": "2023-12-21T11:41:45.230Z",
                  "Schedule.AnyDay": "0,0,0,0,0,0,0,*,*,*,*,*,*,*,*,*,*,*,*,0,0,0,0,0"
                },
                "display_name": "node4",
                "freeform_tags": {},
                "hostname_label": "",
                "nsg_ids": null,
                "private_ip": "10.0.100.10",
                "skip_source_dest_check": false,
                "subnet_id": "ocid1.subnet.oc1.eu-frankfurt-1.aaaaaaaako5rt3t4b2px3prmy7jtqtoulrnlfo52ovqx4nbon7kivndpfpmq",
                "vlan_id": ""
              }
            ],
            "dedicated_vm_host_id": null,
            "defined_tags": {
              "Oracle-Tags.CreatedBy": "default/enrico.pesce@oracle.com",
              "Oracle-Tags.CreatedOn": "2023-12-21T11:41:45.131Z",
              "Schedule.AnyDay": "0,0,0,0,0,0,0,*,*,*,*,*,*,*,*,*,*,*,*,0,0,0,0,0"
            },
            "display_name": "node4",
            "extended_metadata": null,
            "fault_domain": "FAULT-DOMAIN-3",
            "freeform_tags": {},
            "hostname_label": "",
            "id": "ocid1.instance.oc1.eu-frankfurt-1.antheljrugtyopics4o6nqv67dd2f4jrlihn7s27nldaz6662aerk7ixx7ra",
            "image": "ocid1.image.oc1.eu-frankfurt-1.aaaaaaaamjtt3zi7n432k6ry44rs7nhxfwrrpf63ahfvgzcrd5tgnwuljyfq",
            "instance_options": [
              {
                "are_legacy_imds_endpoints_disabled": false
              }
            ],
            "ipxe_script": null,
            "is_cross_numa_node": false,
            "is_pv_encryption_in_transit_enabled": null,
            "launch_mode": "PARAVIRTUALIZED",
            "launch_options": [
              {
                "boot_volume_type": "PARAVIRTUALIZED",
                "firmware": "UEFI_64",
                "is_consistent_volume_naming_enabled": true,
                "is_pv_encryption_in_transit_enabled": false,
                "network_type": "PARAVIRTUALIZED",
                "remote_data_volume_type": "PARAVIRTUALIZED"
              }
            ],
            "metadata": {
              "TEST_RESULTS_NAME": "vmstandarda1flex",
              "ssh_authorized_keys": "ssh-rsa AAAAB3NzaC1yc2EAAAADAQABAAABgQDJ+tb3o7P/jK/9/b29L/Bqmk/pdahcj2f0rQ+2H6DZREZ5qQM+LatJwzTwCsGjiP0CLTbsbxYDOlvyLB1wwypaWe+f22cN2XDNezmeR0L2z/vpLfZYsUrW3Wxu7sGRWR63gNwtnwdp6ULm1PRlubLd4+PfBwqYTso3ncHCvZCVEMMM+Hn952TpF6cdcVMT3l7dJ4GD12y8IDQpcatmtqi1x4erD4ptvultIuMwR7M5kzu4HqZznRSbalONqpMOdj7uzIDp8RawI7nhVKHgr2PuTsDZQzTF7UZoqBnWFf4FAYhIkHze+8sTDSwtY1OxqBXu1/3+VkaRBPON72ritQWhMVADwYNUiqEevS1Yozc+A98hamHz/4D11DxpVXfY3tWvWh/npIopGpNe9/Nu5+t2OHmtw34W5/ZYOlMkD/aYGgQRykPDDhaRQK3/nMpsB+wsichLqRJfzNdnwTgiQfNk7pGrtYZX+HNJHnNmydLw+w5NLspdugVP/ic7v6kHf/0= opc@scraper\n",
              "user_data": "IyEgL2Jpbi9iYXNoCmV4cG9ydCBPQ0lfQ0xJX0FVVEg9aW5zdGFuY2VfcHJpbmNpcGFsCmV4cG9ydCBURVNUX1JFU1VMVFNfTkFNRT0kKG9jaS1tZXRhZGF0YSAtLWdldCBURVNUX1JFU1VMVFNfTkFNRSAtLXZhbHVlKQpkZWNsYXJlIC14cAoKIyBzdG9wIGNwdSB0YXNrcwpzeXN0ZW1jdGwgc3RvcCBkbmYtbWFrZWNhY2hlLnRpbWVyCnN5c3RlbWN0bCBzdG9wIGRuZi1zeXN0ZW0tdXBncmFkZS5zZXJ2aWNlCnN5c3RlbWN0bCBzdG9wIGRuZi1zeXN0ZW0tdXBncmFkZS1jbGVhbnVwLnNlcnZpY2UKc3lzdGVtY3RsIHN0b3AgZG5mLW1ha2VjYWNoZS5zZXJ2aWNlCiMgdXBkYXRlIGRlcGVuZGVuY2llcwpkbmYgLXkgaW5zdGFsbCBvcmFjbGVsaW51eC1kZXZlbG9wZXItcmVsZWFzZS1lbDggcHl0aG9uMzYtb2NpLWNsaQoKIyBpbnN0YWxsIGFuZCBjb25maWd1cmUgcGhvcm9uaXgKY2QgL3Jvb3QKd2dldCBodHRwczovL3Bob3Jvbml4LXRlc3Qtc3VpdGUuY29tL3JlbGVhc2VzL3Bob3Jvbml4LXRlc3Qtc3VpdGUtMTAuOC40LnRhci5negp0YXIgeHp2ZiBwaG9yb25peC10ZXN0LXN1aXRlLTEwLjguNC50YXIuZ3oKY2QgcGhvcm9uaXgtdGVzdC1zdWl0ZS8KLi9pbnN0YWxsLXNoCgp0b3VjaCAvZXRjL3Bob3Jvbml4LXRlc3Qtc3VpdGUueG1sCmNobW9kIDY2NiAvZXRjL3Bob3Jvbml4LXRlc3Qtc3VpdGUueG1sCgplY2hvICc8P3htbCB2ZXJzaW9uPSIxLjAiPz4KPCEtLVBob3Jvbml4IFRlc3QgU3VpdGUgdjEwLjguNC0tPgo8UGhvcm9uaXhUZXN0U3VpdGU+CiAgPE9wdGlvbnM+CiAgICA8T3BlbkJlbmNobWFya2luZz4KICAgICAgPEFub255bW91c1VzYWdlUmVwb3J0aW5nPlRSVUU8L0Fub255bW91c1VzYWdlUmVwb3J0aW5nPgogICAgICA8SW5kZXhDYWNoZVRUTD4zPC9JbmRleENhY2hlVFRMPgogICAgICA8QWx3YXlzVXBsb2FkU3lzdGVtTG9ncz5GQUxTRTwvQWx3YXlzVXBsb2FkU3lzdGVtTG9ncz4KICAgICAgPEFsbG93UmVzdWx0VXBsb2Fkc1RvT3BlbkJlbmNobWFya2luZz5UUlVFPC9BbGxvd1Jlc3VsdFVwbG9hZHNUb09wZW5CZW5jaG1hcmtpbmc+CiAgICA8L09wZW5CZW5jaG1hcmtpbmc+CiAgICA8R2VuZXJhbD4KICAgICAgPERlZmF1bHRCcm93c2VyPjwvRGVmYXVsdEJyb3dzZXI+CiAgICAgIDxVc2VQaG9kZXZpQ2FjaGU+VFJVRTwvVXNlUGhvZGV2aUNhY2hlPgogICAgICA8RGVmYXVsdERpc3BsYXlNb2RlPkRFRkFVTFQ8L0RlZmF1bHREaXNwbGF5TW9kZT4KICAgICAgPFBob3JvbWF0aWNTZXJ2ZXJzPjwvUGhvcm9tYXRpY1NlcnZlcnM+CiAgICAgIDxDb2xvcmVkQ29uc29sZT5BVVRPPC9Db2xvcmVkQ29uc29sZT4KICAgIDwvR2VuZXJhbD4KICAgIDxNb2R1bGVzPgogICAgICA8QXV0b0xvYWRNb2R1bGVzPnRvZ2dsZV9zY3JlZW5zYXZlciwgdXBkYXRlX2NoZWNrZXIsIHBlcmZfdGlwcywgb2JfYXV0b19jb21wYXJlLCBsb2FkX2R5bmFtaWNfcmVzdWx0X3ZpZXdlcjwvQXV0b0xvYWRNb2R1bGVzPgogICAgPC9Nb2R1bGVzPgogICAgPEluc3RhbGxhdGlvbj4KICAgICAgPFJlbW92ZURvd25sb2FkRmlsZXM+RkFMU0U8L1JlbW92ZURvd25sb2FkRmlsZXM+CiAgICAgIDxTZWFyY2hNZWRpYUZvckNhY2hlPlRSVUU8L1NlYXJjaE1lZGlhRm9yQ2FjaGU+CiAgICAgIDxTeW1MaW5rRmlsZXNGcm9tQ2FjaGU+RkFMU0U8L1N5bUxpbmtGaWxlc0Zyb21DYWNoZT4KICAgICAgPFByb21wdEZvckRvd25sb2FkTWlycm9yPkZBTFNFPC9Qcm9tcHRGb3JEb3dubG9hZE1pcnJvcj4KICAgICAgPEVudmlyb25tZW50RGlyZWN0b3J5Pn4vLnBob3Jvbml4LXRlc3Qtc3VpdGUvaW5zdGFsbGVkLXRlc3RzLzwvRW52aXJvbm1lbnREaXJlY3Rvcnk+CiAgICAgIDxDYWNoZURpcmVjdG9yeT5+Ly5waG9yb25peC10ZXN0LXN1aXRlL2Rvd25sb2FkLWNhY2hlLzwvQ2FjaGVEaXJlY3Rvcnk+CiAgICA8L0luc3RhbGxhdGlvbj4KICAgIDxUZXN0aW5nPgogICAgICA8U2F2ZVN5c3RlbUxvZ3M+VFJVRTwvU2F2ZVN5c3RlbUxvZ3M+CiAgICAgIDxTYXZlSW5zdGFsbGF0aW9uTG9ncz5UUlVFPC9TYXZlSW5zdGFsbGF0aW9uTG9ncz4KICAgICAgPFNhdmVUZXN0TG9ncz5UUlVFPC9TYXZlVGVzdExvZ3M+CiAgICAgIDxSZW1vdmVUZXN0SW5zdGFsbE9uQ29tcGxldGlvbj48L1JlbW92ZVRlc3RJbnN0YWxsT25Db21wbGV0aW9uPgogICAgICA8UmVzdWx0c0RpcmVjdG9yeT5+Ly5waG9yb25peC10ZXN0LXN1aXRlL3Rlc3QtcmVzdWx0cy88L1Jlc3VsdHNEaXJlY3Rvcnk+CiAgICAgIDxBbHdheXNVcGxvYWRSZXN1bHRzVG9PcGVuQmVuY2htYXJraW5nPkZBTFNFPC9BbHdheXNVcGxvYWRSZXN1bHRzVG9PcGVuQmVuY2htYXJraW5nPgogICAgICA8QXV0b1NvcnRSdW5RdWV1ZT5UUlVFPC9BdXRvU29ydFJ1blF1ZXVlPgogICAgICA8U2hvd1Bvc3RSdW5TdGF0aXN0aWNzPlRSVUU8L1Nob3dQb3N0UnVuU3RhdGlzdGljcz4KICAgIDwvVGVzdGluZz4KICAgIDxUZXN0UmVzdWx0VmFsaWRhdGlvbj4KICAgICAgPER5bmFtaWNSdW5Db3VudD5UUlVFPC9EeW5hbWljUnVuQ291bnQ+CiAgICAgIDxMaW1pdER5bmFtaWNUb1Rlc3RMZW5ndGg+MjA8L0xpbWl0RHluYW1pY1RvVGVzdExlbmd0aD4KICAgICAgPFN0YW5kYXJkRGV2aWF0aW9uVGhyZXNob2xkPjIuNTwvU3RhbmRhcmREZXZpYXRpb25UaHJlc2hvbGQ+CiAgICAgIDxFeHBvcnRSZXN1bHRzVG8+PC9FeHBvcnRSZXN1bHRzVG8+CiAgICAgIDxNaW5pbWFsVGVzdFRpbWU+MTA8L01pbmltYWxUZXN0VGltZT4KICAgICAgPERyb3BOb2lzeVJlc3VsdHM+RkFMU0U8L0Ryb3BOb2lzeVJlc3VsdHM+CiAgICA8L1Rlc3RSZXN1bHRWYWxpZGF0aW9uPgogICAgPFJlc3VsdFZpZXdlcj4KICAgICAgPFdlYlBvcnQ+UkFORE9NPC9XZWJQb3J0PgogICAgICA8TGltaXRBY2Nlc3NUb0xvY2FsSG9zdD5UUlVFPC9MaW1pdEFjY2Vzc1RvTG9jYWxIb3N0PgogICAgICA8QWNjZXNzS2V5PjwvQWNjZXNzS2V5PgogICAgICA8QWxsb3dTYXZpbmdSZXN1bHRDaGFuZ2VzPlRSVUU8L0FsbG93U2F2aW5nUmVzdWx0Q2hhbmdlcz4KICAgICAgPEFsbG93RGVsZXRpbmdSZXN1bHRzPlRSVUU8L0FsbG93RGVsZXRpbmdSZXN1bHRzPgogICAgPC9SZXN1bHRWaWV3ZXI+CiAgICA8QmF0Y2hNb2RlPgogICAgICA8U2F2ZVJlc3VsdHM+VFJVRTwvU2F2ZVJlc3VsdHM+CiAgICAgIDxPcGVuQnJvd3Nlcj5GQUxTRTwvT3BlbkJyb3dzZXI+CiAgICAgIDxVcGxvYWRSZXN1bHRzPkZBTFNFPC9VcGxvYWRSZXN1bHRzPgogICAgICA8UHJvbXB0Rm9yVGVzdElkZW50aWZpZXI+RkFMU0U8L1Byb21wdEZvclRlc3RJZGVudGlmaWVyPgogICAgICA8UHJvbXB0Rm9yVGVzdERlc2NyaXB0aW9uPkZBTFNFPC9Qcm9tcHRGb3JUZXN0RGVzY3JpcHRpb24+CiAgICAgIDxQcm9tcHRTYXZlTmFtZT5GQUxTRTwvUHJvbXB0U2F2ZU5hbWU+CiAgICAgIDxSdW5BbGxUZXN0Q29tYmluYXRpb25zPlRSVUU8L1J1bkFsbFRlc3RDb21iaW5hdGlvbnM+CiAgICAgIDxDb25maWd1cmVkPlRSVUU8L0NvbmZpZ3VyZWQ+CiAgICA8L0JhdGNoTW9kZT4KICAgIDxOZXR3b3JraW5nPgogICAgICA8Tm9JbnRlcm5ldENvbW11bmljYXRpb24+RkFMU0U8L05vSW50ZXJuZXRDb21tdW5pY2F0aW9uPgogICAgICA8Tm9OZXR3b3JrQ29tbXVuaWNhdGlvbj5GQUxTRTwvTm9OZXR3b3JrQ29tbXVuaWNhdGlvbj4KICAgICAgPFRpbWVvdXQ+MjA8L1RpbWVvdXQ+CiAgICAgIDxQcm94eUFkZHJlc3M+PC9Qcm94eUFkZHJlc3M+CiAgICAgIDxQcm94eVBvcnQ+PC9Qcm94eVBvcnQ+CiAgICAgIDxQcm94eVVzZXI+PC9Qcm94eVVzZXI+CiAgICAgIDxQcm94eVBhc3N3b3JkPjwvUHJveHlQYXNzd29yZD4KICAgIDwvTmV0d29ya2luZz4KICAgIDxTZXJ2ZXI+CiAgICAgIDxSZW1vdGVBY2Nlc3NQb3J0PlJBTkRPTTwvUmVtb3RlQWNjZXNzUG9ydD4KICAgICAgPFBhc3N3b3JkPjwvUGFzc3dvcmQ+CiAgICAgIDxXZWJTb2NrZXRQb3J0PlJBTkRPTTwvV2ViU29ja2V0UG9ydD4KICAgICAgPEFkdmVydGlzZVNlcnZpY2VaZXJvQ29uZj5UUlVFPC9BZHZlcnRpc2VTZXJ2aWNlWmVyb0NvbmY+CiAgICAgIDxBZHZlcnRpc2VTZXJ2aWNlT3BlbkJlbmNobWFya1JlbGF5PlRSVUU8L0FkdmVydGlzZVNlcnZpY2VPcGVuQmVuY2htYXJrUmVsYXk+CiAgICAgIDxQaG9yb21hdGljU3RvcmFnZT5+Ly5waG9yb25peC10ZXN0LXN1aXRlL3Bob3JvbWF0aWMvPC9QaG9yb21hdGljU3RvcmFnZT4KICAgIDwvU2VydmVyPgogIDwvT3B0aW9ucz4KPC9QaG9yb25peFRlc3RTdWl0ZT4nID4gL2V0Yy9waG9yb25peC10ZXN0LXN1aXRlLnhtbAoKIyBleHBvcnQgU0tJUF9FWFRFUk5BTF9ERVBFTkRFTkNJRVM9MQoKCiMgSW5zdGFsbCBQSFAgNy4yCmV4cG9ydCBURVNUX1JFU1VMVFNfSURFTlRJRklFUj0icGhwNzIiCmRuZiBtb2R1bGUgc3dpdGNoLXRvIHBocDo3LjIgLXkKZG5mIGluc3RhbGwgcGhwLWNsaSBwaHAtcGRvIHBocC1mcG0gcGhwLWpzb24gcGhwLW15c3FsbmQgcGhwLWRvbSBwaHAtZ2QgcGhwLXByb2Nlc3MgLXkKcGhvcm9uaXgtdGVzdC1zdWl0ZSBiYXRjaC1iZW5jaG1hcmsgcHRzL3BocApkbmYgcmVtb3ZlICdwaHAqJyAteQoKIyBJbnN0YWxsIFBIUCA3LjMKZXhwb3J0IFRFU1RfUkVTVUxUU19JREVOVElGSUVSPSJwaHA3MyIKZG5mIG1vZHVsZSBzd2l0Y2gtdG8gcGhwOjcuMyAteQpkbmYgaW5zdGFsbCBwaHAtY2xpIHBocC1wZG8gcGhwLWZwbSBwaHAtanNvbiBwaHAtbXlzcWxuZCBwaHAtZG9tIHBocC1nZCBwaHAtcHJvY2VzcyAteQpwaG9yb25peC10ZXN0LXN1aXRlIGJhdGNoLWJlbmNobWFyayBwdHMvcGhwCmRuZiByZW1vdmUgJ3BocConIC15CgojIEluc3RhbGwgUEhQIDcuNApleHBvcnQgVEVTVF9SRVNVTFRTX0lERU5USUZJRVI9InBocDc0IgpkbmYgbW9kdWxlIHN3aXRjaC10byBwaHA6Ny40IC15CmRuZiBpbnN0YWxsIHBocC1jbGkgcGhwLXBkbyBwaHAtZnBtIHBocC1qc29uIHBocC1teXNxbG5kIHBocC1kb20gcGhwLWdkIHBocC1wcm9jZXNzIC15CnBob3Jvbml4LXRlc3Qtc3VpdGUgYmF0Y2gtYmVuY2htYXJrIHB0cy9waHAKZG5mIHJlbW92ZSAncGhwKicgLXkKCiMgSW5zdGFsbCBQSFAgOC4wCmV4cG9ydCBURVNUX1JFU1VMVFNfSURFTlRJRklFUj0icGhwODAiCmRuZiBtb2R1bGUgc3dpdGNoLXRvIHBocDo4LjAgLXkKZG5mIGluc3RhbGwgcGhwLWNsaSBwaHAtcGRvIHBocC1mcG0gcGhwLWpzb24gcGhwLW15c3FsbmQgcGhwLWRvbSBwaHAtZ2QgcGhwLXByb2Nlc3MgLXkKcGhvcm9uaXgtdGVzdC1zdWl0ZSBiYXRjaC1iZW5jaG1hcmsgcHRzL3BocAoKcGhvcm9uaXgtdGVzdC1zdWl0ZSByZXN1bHQtZmlsZS10by1jc3YgJFRFU1RfUkVTVUxUU19OQU1FCgpvY2kgb3Mgb2JqZWN0IHB1dCAtLWZvcmNlIC0tYnVja2V0LW5hbWUgcGhvcm9uaXggLS1maWxlIC9yb290LyRURVNUX1JFU1VMVFNfTkFNRS5jc3YKCm9jaSBjb21wdXRlIGluc3RhbmNlIGFjdGlvbiAtLWluc3RhbmNlLWlkICQob2NpLW1ldGFkYXRhIC0tZ2V0IGlkIC0tdmFsdWUtb25seSkgLS1hY3Rpb24gU09GVFNUT1A="
            },
            "platform_config": [],
            "preemptible_instance_config": [],
            "preserve_boot_volume": false,
            "private_ip": "10.0.100.10",
            "public_ip": "130.61.76.118",
            "region": "eu-frankfurt-1",
            "shape": "VM.Standard.A1.Flex",
            "shape_config": [
              {
                "baseline_ocpu_utilization": "",
                "gpu_description": "",
                "gpus": 0,
                "local_disk_description": "",
                "local_disks": 0,
                "local_disks_total_size_in_gbs": 0,
                "max_vnic_attachments": 2,
                "memory_in_gbs": 16,
                "networking_bandwidth_in_gbps": 1,
                "nvmes": 0,
                "ocpus": 1,
                "processor_description": "3.0 GHz Ampere® Altra™"
              }
            ],
            "source_details": [
              {
                "boot_volume_size_in_gbs": "47",
                "boot_volume_vpus_per_gb": "10",
                "kms_key_id": "",
                "source_id": "ocid1.image.oc1.eu-frankfurt-1.aaaaaaaamjtt3zi7n432k6ry44rs7nhxfwrrpf63ahfvgzcrd5tgnwuljyfq",
                "source_type": "image"
              }
            ],
            "state": "RUNNING",
            "subnet_id": "ocid1.subnet.oc1.eu-frankfurt-1.aaaaaaaako5rt3t4b2px3prmy7jtqtoulrnlfo52ovqx4nbon7kivndpfpmq",
            "system_tags": {},
            "time_created": "2023-12-21 11:41:45.572 +0000 UTC",
            "time_maintenance_reboot_due": "",
            "timeouts": null,
            "update_operation_constraint": null
          },
          "sensitive_attributes": [],
          "private": "eyJlMmJmYjczMC1lY2FhLTExZTYtOGY4OC0zNDM2M2JjN2M0YzAiOnsiY3JlYXRlIjoyNzAwMDAwMDAwMDAwLCJkZWxldGUiOjQ1MDAwMDAwMDAwMDAsInVwZGF0ZSI6MjcwMDAwMDAwMDAwMH19",
          "dependencies": [
            "data.oci_core_images.images",
            "data.oci_identity_availability_domains.ads",
            "oci_core_subnet.public_subnet",
            "oci_core_vcn.test_vcn"
          ]
        }
      ]
    },
    {
      "mode": "managed",
      "type": "oci_core_internet_gateway",
      "name": "internet_gateway",
      "provider": "provider[\"registry.terraform.io/hashicorp/oci\"]",
      "instances": [
        {
          "schema_version": 0,
          "attributes": {
            "compartment_id": "ocid1.compartment.oc1..aaaaaaaawdnpqa74qyku5mzjk3httbooikrw67cbutdsohf2ljxkdyjvbala",
            "defined_tags": {
              "Oracle-Tags.CreatedBy": "default/enrico.pesce@oracle.com",
              "Oracle-Tags.CreatedOn": "2023-12-21T11:41:43.700Z",
              "Schedule.AnyDay": "0,0,0,0,0,0,0,*,*,*,*,*,*,*,*,*,*,*,*,0,0,0,0,0"
            },
            "display_name": "internet_gateway",
            "enabled": true,
            "freeform_tags": {},
            "id": "ocid1.internetgateway.oc1.eu-frankfurt-1.aaaaaaaanomiemjss6vtr3t26dcjulx2a4rqednne6psa3um7hanfh4ocuhq",
            "route_table_id": null,
            "state": "AVAILABLE",
            "time_created": "2023-12-21 11:41:43.746 +0000 UTC",
            "timeouts": null,
            "vcn_id": "ocid1.vcn.oc1.eu-frankfurt-1.amaaaaaaugtyopiabvmnu4nzglxxm6ay43qywsyvecdyqukta2zmpwb7ssdq"
          },
          "sensitive_attributes": [],
          "private": "eyJlMmJmYjczMC1lY2FhLTExZTYtOGY4OC0zNDM2M2JjN2M0YzAiOnsiY3JlYXRlIjoxMjAwMDAwMDAwMDAwLCJkZWxldGUiOjEyMDAwMDAwMDAwMDAsInVwZGF0ZSI6MTIwMDAwMDAwMDAwMH19",
          "dependencies": [
            "oci_core_vcn.test_vcn"
          ]
        }
      ]
    },
    {
      "mode": "managed",
      "type": "oci_core_subnet",
      "name": "public_subnet",
      "provider": "provider[\"registry.terraform.io/hashicorp/oci\"]",
      "instances": [
        {
          "schema_version": 0,
          "attributes": {
            "availability_domain": null,
            "cidr_block": "10.0.100.0/24",
            "compartment_id": "ocid1.compartment.oc1..aaaaaaaawdnpqa74qyku5mzjk3httbooikrw67cbutdsohf2ljxkdyjvbala",
            "defined_tags": {
              "Oracle-Tags.CreatedBy": "default/enrico.pesce@oracle.com",
              "Oracle-Tags.CreatedOn": "2023-12-21T11:41:43.707Z",
              "Schedule.AnyDay": "0,0,0,0,0,0,0,*,*,*,*,*,*,*,*,*,*,*,*,0,0,0,0,0"
            },
            "dhcp_options_id": "ocid1.dhcpoptions.oc1.eu-frankfurt-1.aaaaaaaa3rky23m2f2ppcodsdikzd7csxw4zxmi5micfxqrkh5ou53hs5fuq",
            "display_name": "public_subnet",
            "dns_label": null,
            "freeform_tags": {},
            "id": "ocid1.subnet.oc1.eu-frankfurt-1.aaaaaaaako5rt3t4b2px3prmy7jtqtoulrnlfo52ovqx4nbon7kivndpfpmq",
            "ipv6cidr_block": null,
            "ipv6cidr_blocks": [],
            "ipv6virtual_router_ip": null,
            "prohibit_internet_ingress": false,
            "prohibit_public_ip_on_vnic": false,
            "route_table_id": "ocid1.routetable.oc1.eu-frankfurt-1.aaaaaaaagdk2apll4nlzn2qinxt35qyerv2weikq2yhixrtv64j7qtkeopka",
            "security_list_ids": [
              "ocid1.securitylist.oc1.eu-frankfurt-1.aaaaaaaao33dbtjzledn76pevgourz7betaluteqrdxyfstacsnlyfsp2cka"
            ],
            "state": "AVAILABLE",
            "subnet_domain_name": null,
            "time_created": "2023-12-21 11:41:43.747 +0000 UTC",
            "timeouts": null,
            "vcn_id": "ocid1.vcn.oc1.eu-frankfurt-1.amaaaaaaugtyopiabvmnu4nzglxxm6ay43qywsyvecdyqukta2zmpwb7ssdq",
            "virtual_router_ip": "10.0.100.1",
            "virtual_router_mac": "00:00:17:86:EB:FD"
          },
          "sensitive_attributes": [],
          "private": "eyJlMmJmYjczMC1lY2FhLTExZTYtOGY4OC0zNDM2M2JjN2M0YzAiOnsiY3JlYXRlIjoxMjAwMDAwMDAwMDAwLCJkZWxldGUiOjEyMDAwMDAwMDAwMDAsInVwZGF0ZSI6MTIwMDAwMDAwMDAwMH19",
          "dependencies": [
            "oci_core_vcn.test_vcn"
          ]
        }
      ]
    },
    {
      "mode": "managed",
      "type": "oci_core_vcn",
      "name": "test_vcn",
      "provider": "provider[\"registry.terraform.io/hashicorp/oci\"]",
      "instances": [
        {
          "schema_version": 0,
          "attributes": {
            "byoipv6cidr_blocks": [],
            "byoipv6cidr_details": null,
            "cidr_block": "10.0.0.0/16",
            "cidr_blocks": [
              "10.0.0.0/16"
            ],
            "compartment_id": "ocid1.compartment.oc1..aaaaaaaawdnpqa74qyku5mzjk3httbooikrw67cbutdsohf2ljxkdyjvbala",
            "default_dhcp_options_id": "ocid1.dhcpoptions.oc1.eu-frankfurt-1.aaaaaaaa3rky23m2f2ppcodsdikzd7csxw4zxmi5micfxqrkh5ou53hs5fuq",
            "default_route_table_id": "ocid1.routetable.oc1.eu-frankfurt-1.aaaaaaaagdk2apll4nlzn2qinxt35qyerv2weikq2yhixrtv64j7qtkeopka",
            "default_security_list_id": "ocid1.securitylist.oc1.eu-frankfurt-1.aaaaaaaao33dbtjzledn76pevgourz7betaluteqrdxyfstacsnlyfsp2cka",
            "defined_tags": {
              "Oracle-Tags.CreatedBy": "default/enrico.pesce@oracle.com",
              "Oracle-Tags.CreatedOn": "2023-12-21T11:41:43.110Z",
              "Schedule.AnyDay": "0,0,0,0,0,0,0,*,*,*,*,*,*,*,*,*,*,*,*,0,0,0,0,0"
            },
            "display_name": "vcn-performancetests",
            "dns_label": null,
            "freeform_tags": {},
            "id": "ocid1.vcn.oc1.eu-frankfurt-1.amaaaaaaugtyopiabvmnu4nzglxxm6ay43qywsyvecdyqukta2zmpwb7ssdq",
            "ipv6cidr_blocks": [],
            "ipv6private_cidr_blocks": [],
            "is_ipv6enabled": false,
            "is_oracle_gua_allocation_enabled": null,
            "state": "AVAILABLE",
            "time_created": "2023-12-21 11:41:43.174 +0000 UTC",
            "timeouts": null,
            "vcn_domain_name": null
          },
          "sensitive_attributes": [],
          "private": "eyJlMmJmYjczMC1lY2FhLTExZTYtOGY4OC0zNDM2M2JjN2M0YzAiOnsiY3JlYXRlIjoxMjAwMDAwMDAwMDAwLCJkZWxldGUiOjEyMDAwMDAwMDAwMDAsInVwZGF0ZSI6MTIwMDAwMDAwMDAwMH19"
        }
      ]
    }
  ],
  "check_results": null
}
